// !$*UTF8*$!
{
	archiveVersion = 1;
	classes = {
	};
	objectVersion = 56;
	objects = {

/* Begin PBXBuildFile section */
		0A6991244F262651573CADC0 /* libPods-e-store.a in Frameworks */ = {isa = PBXBuildFile; fileRef = B49575E65FE76E7CB37BDD90 /* libPods-e-store.a */; };
		4C310DE429F4A2AB0061C069 /* FeaturedProductView.xib in Resources */ = {isa = PBXBuildFile; fileRef = 4C310DE329F4A2AB0061C069 /* FeaturedProductView.xib */; };
		4C310DE629F4A2BE0061C069 /* FeaturedProductView.swift in Sources */ = {isa = PBXBuildFile; fileRef = 4C310DE529F4A2BE0061C069 /* FeaturedProductView.swift */; };
		4C310DE929F543360061C069 /* FeaturedProductSlider.swift in Sources */ = {isa = PBXBuildFile; fileRef = 4C310DE829F543360061C069 /* FeaturedProductSlider.swift */; };
		4C310DED29F5437A0061C069 /* FeaturedProductSlider.xib in Resources */ = {isa = PBXBuildFile; fileRef = 4C310DEC29F5437A0061C069 /* FeaturedProductSlider.xib */; };
		4C310DF129F543B30061C069 /* FeaturedProductCollectionViewCell.swift in Sources */ = {isa = PBXBuildFile; fileRef = 4C310DEF29F543B30061C069 /* FeaturedProductCollectionViewCell.swift */; };
		4C310DF229F543B30061C069 /* FeaturedProductCollectionViewCell.xib in Resources */ = {isa = PBXBuildFile; fileRef = 4C310DF029F543B30061C069 /* FeaturedProductCollectionViewCell.xib */; };
		4C310DF429F5A2380061C069 /* FeaturedProductModel.swift in Sources */ = {isa = PBXBuildFile; fileRef = 4C310DF329F5A2380061C069 /* FeaturedProductModel.swift */; };
		4C3557D329DB8E0F00703789 /* StoreAssemply.swift in Sources */ = {isa = PBXBuildFile; fileRef = 4C3557D229DB8E0F00703789 /* StoreAssemply.swift */; };
		4C3557D629DB8E7700703789 /* Swinject in Frameworks */ = {isa = PBXBuildFile; productRef = 4C3557D529DB8E7700703789 /* Swinject */; };
		4C3557DA29DB917400703789 /* DependencyManager.swift in Sources */ = {isa = PBXBuildFile; fileRef = 4C3557D929DB917400703789 /* DependencyManager.swift */; };
		4C59744229DDB6F7005F7CD3 /* AppDelegate.swift in Sources */ = {isa = PBXBuildFile; fileRef = B62D384829BA608F00179020 /* AppDelegate.swift */; };
		4C68C61029E81BAA005A4175 /* ProductDetailsView.swift in Sources */ = {isa = PBXBuildFile; fileRef = 4C68C60F29E81BAA005A4175 /* ProductDetailsView.swift */; };
		4C68C61429E81CEC005A4175 /* ProductDetailsView.xib in Resources */ = {isa = PBXBuildFile; fileRef = 4C68C61329E81CEC005A4175 /* ProductDetailsView.xib */; };
		4C6E35E829E1819D003A1241 /* Localizable.strings in Resources */ = {isa = PBXBuildFile; fileRef = 4C6E35EA29E1819D003A1241 /* Localizable.strings */; };
		4C92168229F0217D006FA99A /* SellerInformationView.xib in Resources */ = {isa = PBXBuildFile; fileRef = 4C92168129F0217D006FA99A /* SellerInformationView.xib */; };
		4C92168429F02191006FA99A /* SellerInformationView.swift in Sources */ = {isa = PBXBuildFile; fileRef = 4C92168329F02191006FA99A /* SellerInformationView.swift */; };
		4C92168729F03BA8006FA99A /* DescriptionView.swift in Sources */ = {isa = PBXBuildFile; fileRef = 4C92168629F03BA8006FA99A /* DescriptionView.swift */; };
		4C92168929F03BB1006FA99A /* DescriptionView.xib in Resources */ = {isa = PBXBuildFile; fileRef = 4C92168829F03BB1006FA99A /* DescriptionView.xib */; };
		4CEEB40829E2CF6700ECCE47 /* ProductDetailsViewController.swift in Sources */ = {isa = PBXBuildFile; fileRef = 4CEEB40629E2CF6700ECCE47 /* ProductDetailsViewController.swift */; };
		4CEEB40929E2CF6700ECCE47 /* ProductDetailsViewController.xib in Resources */ = {isa = PBXBuildFile; fileRef = 4CEEB40729E2CF6700ECCE47 /* ProductDetailsViewController.xib */; };
		4CEEB40D29E2D0B100ECCE47 /* ProductImagesCollectionViewCell.swift in Sources */ = {isa = PBXBuildFile; fileRef = 4CEEB40B29E2D0B100ECCE47 /* ProductImagesCollectionViewCell.swift */; };
		4CEEB40E29E2D0B100ECCE47 /* ProductImagesCollectionViewCell.xib in Resources */ = {isa = PBXBuildFile; fileRef = 4CEEB40C29E2D0B100ECCE47 /* ProductImagesCollectionViewCell.xib */; };
		4CEEB41329E2E27500ECCE47 /* ViewControllerType.swift in Sources */ = {isa = PBXBuildFile; fileRef = 4CEEB41229E2E27500ECCE47 /* ViewControllerType.swift */; };
		4CEEB41529E2E56400ECCE47 /* StoreRouter.swift in Sources */ = {isa = PBXBuildFile; fileRef = 4CEEB41429E2E56400ECCE47 /* StoreRouter.swift */; };
		4CF6F61D29DDAD190019C1C5 /* Assets.swift in Sources */ = {isa = PBXBuildFile; fileRef = 4CF6F61B29DDAD190019C1C5 /* Assets.swift */; };
		4CF6F61E29DDAD190019C1C5 /* Strings.swift in Sources */ = {isa = PBXBuildFile; fileRef = 4CF6F61C29DDAD190019C1C5 /* Strings.swift */; };
		5C0EF6D629E22F12004C92CB /* RegisterAccountScreenViewController.swift in Sources */ = {isa = PBXBuildFile; fileRef = 5C0EF6D429E22F11004C92CB /* RegisterAccountScreenViewController.swift */; };
		5C0EF6D729E22F12004C92CB /* RegisterAccountViewModel.swift in Sources */ = {isa = PBXBuildFile; fileRef = 5C0EF6D329E22F11004C92CB /* RegisterAccountViewModel.swift */; };
		5C0EF6E729E23B9B004C92CB /* DMSans-Bold.ttf in Resources */ = {isa = PBXBuildFile; fileRef = 5C0EF6E629E23B9B004C92CB /* DMSans-Bold.ttf */; };
		5C0EF6E929E23BAC004C92CB /* DMSans-Regular.ttf in Resources */ = {isa = PBXBuildFile; fileRef = 5C0EF6E829E23BAC004C92CB /* DMSans-Regular.ttf */; };
		5C0EF6EB29E2C34A004C92CB /* DMSans-Medium.ttf in Resources */ = {isa = PBXBuildFile; fileRef = 5C0EF6EA29E2C34A004C92CB /* DMSans-Medium.ttf */; };
		5C0EF6EE29E2C631004C92CB /* IQKeyboardManagerSwift in Frameworks */ = {isa = PBXBuildFile; productRef = 5C0EF6ED29E2C631004C92CB /* IQKeyboardManagerSwift */; };
		5C0EF6F029E2CE83004C92CB /* RegisterAccountScreenViewController.xib in Resources */ = {isa = PBXBuildFile; fileRef = 5C0EF6D529E22F12004C92CB /* RegisterAccountScreenViewController.xib */; };
		5C0EF6F129E2CE84004C92CB /* RegisterAccountScreenViewController.xib in Resources */ = {isa = PBXBuildFile; fileRef = 5C0EF6D529E22F12004C92CB /* RegisterAccountScreenViewController.xib */; };
		5C0EF6F829E2EEB4004C92CB /* VerificationViewModel.swift in Sources */ = {isa = PBXBuildFile; fileRef = 5C0EF6F529E2EEB4004C92CB /* VerificationViewModel.swift */; };
		5C0EF6F929E2EEB4004C92CB /* VerificationScreenViewController.swift in Sources */ = {isa = PBXBuildFile; fileRef = 5C0EF6F629E2EEB4004C92CB /* VerificationScreenViewController.swift */; };
		5C0EF6FA29E2EEB4004C92CB /* VerificationScreenViewController.xib in Resources */ = {isa = PBXBuildFile; fileRef = 5C0EF6F729E2EEB4004C92CB /* VerificationScreenViewController.xib */; };
		5C46EDE429E38CAB00D72406 /* SetUserNameAndPasswordViewController.xib in Resources */ = {isa = PBXBuildFile; fileRef = 5C46EDE129E38CAB00D72406 /* SetUserNameAndPasswordViewController.xib */; };
		5C46EDE529E38CAB00D72406 /* SetUserNameAndPasswordViewModel.swift in Sources */ = {isa = PBXBuildFile; fileRef = 5C46EDE229E38CAB00D72406 /* SetUserNameAndPasswordViewModel.swift */; };
		5C46EDE629E38CAB00D72406 /* SetUserNameAndPasswordViewController.swift in Sources */ = {isa = PBXBuildFile; fileRef = 5C46EDE329E38CAB00D72406 /* SetUserNameAndPasswordViewController.swift */; };
		5C543C6029F01D7D008294AB /* ReviewView.swift in Sources */ = {isa = PBXBuildFile; fileRef = 5C543C5F29F01D7D008294AB /* ReviewView.swift */; };
		5C543C6429F02BB2008294AB /* ReviewTableViewCell.swift in Sources */ = {isa = PBXBuildFile; fileRef = 5C543C6229F02BB2008294AB /* ReviewTableViewCell.swift */; };
		5C543C6529F02BB2008294AB /* ReviewTableViewCell.xib in Resources */ = {isa = PBXBuildFile; fileRef = 5C543C6329F02BB2008294AB /* ReviewTableViewCell.xib */; };
		5CA58B7929CCFF5100102C1C /* Domain in Frameworks */ = {isa = PBXBuildFile; productRef = 5CA58B7829CCFF5100102C1C /* Domain */; };
		5CBD37A529E844660032EE04 /* IQManager.swift in Sources */ = {isa = PBXBuildFile; fileRef = 5CBD37A429E844660032EE04 /* IQManager.swift */; };
		5CC286DE29F0C305008D0AF3 /* ReviewView.xib in Resources */ = {isa = PBXBuildFile; fileRef = 5CC286DD29F0C305008D0AF3 /* ReviewView.xib */; };
		B62D384B29BA608F00179020 /* SceneDelegate.swift in Sources */ = {isa = PBXBuildFile; fileRef = B62D384A29BA608F00179020 /* SceneDelegate.swift */; };
		B62D384D29BA608F00179020 /* ViewController.swift in Sources */ = {isa = PBXBuildFile; fileRef = B62D384C29BA608F00179020 /* ViewController.swift */; };
		B62D385029BA608F00179020 /* Main.storyboard in Resources */ = {isa = PBXBuildFile; fileRef = B62D384E29BA608F00179020 /* Main.storyboard */; };
		B62D385229BA609100179020 /* Assets.xcassets in Resources */ = {isa = PBXBuildFile; fileRef = B62D385129BA609100179020 /* Assets.xcassets */; };
		B62D385529BA609100179020 /* LaunchScreen.storyboard in Resources */ = {isa = PBXBuildFile; fileRef = B62D385329BA609100179020 /* LaunchScreen.storyboard */; };
		B62D385D29BA614C00179020 /* e-store_foundation in Frameworks */ = {isa = PBXBuildFile; productRef = B62D385C29BA614C00179020 /* e-store_foundation */; };
		B62D386029BA61EE00179020 /* network in Frameworks */ = {isa = PBXBuildFile; productRef = B62D385F29BA61EE00179020 /* network */; };
		B62D387629BA638C00179020 /* Shared_UI.framework in Frameworks */ = {isa = PBXBuildFile; fileRef = B62D387529BA638C00179020 /* Shared_UI.framework */; };
		B62D387729BA638C00179020 /* Shared_UI.framework in Embed Frameworks */ = {isa = PBXBuildFile; fileRef = B62D387529BA638C00179020 /* Shared_UI.framework */; settings = {ATTRIBUTES = (CodeSignOnCopy, RemoveHeadersOnCopy, ); }; };
		B62D387A29BA678300179020 /* GoogleService-Info.plist in Resources */ = {isa = PBXBuildFile; fileRef = B62D387929BA678300179020 /* GoogleService-Info.plist */; };
		B62D387D29BA690C00179020 /* FirebaseAnalytics in Frameworks */ = {isa = PBXBuildFile; productRef = B62D387C29BA690C00179020 /* FirebaseAnalytics */; };
		B62D387F29BA690D00179020 /* FirebaseCrashlytics in Frameworks */ = {isa = PBXBuildFile; productRef = B62D387E29BA690D00179020 /* FirebaseCrashlytics */; };
		C92A974829F193380013E44D /* LoginMessage.swift in Sources */ = {isa = PBXBuildFile; fileRef = C92A974729F193380013E44D /* LoginMessage.swift */; };
		C9508C3829E23346008E8C37 /* LoginScreenViewController.xib in Resources */ = {isa = PBXBuildFile; fileRef = C9508C3629E23346008E8C37 /* LoginScreenViewController.xib */; };
		C9508C3929E23346008E8C37 /* LoginScreenViewController.swift in Sources */ = {isa = PBXBuildFile; fileRef = C9508C3729E23346008E8C37 /* LoginScreenViewController.swift */; };
		C9A2A79329DBADF800988B24 /* LoginVMTestCases.swift in Sources */ = {isa = PBXBuildFile; fileRef = C9A2A79229DBADF800988B24 /* LoginVMTestCases.swift */; };
		C9A2A79A29DBAE5000988B24 /* FirebaseAnalytics in Frameworks */ = {isa = PBXBuildFile; productRef = C9A2A79929DBAE5000988B24 /* FirebaseAnalytics */; };
		C9DED96929DF504D00423681 /* ValidatorTestCases.swift in Sources */ = {isa = PBXBuildFile; fileRef = C9DED96829DF504D00423681 /* ValidatorTestCases.swift */; };
		C9E9EB0229D8FBB300400853 /* LoginViewModel.swift in Sources */ = {isa = PBXBuildFile; fileRef = C9E9EB0129D8FBB300400853 /* LoginViewModel.swift */; };
		C9E9EB0529D8FBF300400853 /* Validator.swift in Sources */ = {isa = PBXBuildFile; fileRef = C9E9EB0429D8FBF300400853 /* Validator.swift */; };
/* End PBXBuildFile section */

/* Begin PBXContainerItemProxy section */
		C9A2A79429DBADF800988B24 /* PBXContainerItemProxy */ = {
			isa = PBXContainerItemProxy;
			containerPortal = B62D383D29BA608F00179020 /* Project object */;
			proxyType = 1;
			remoteGlobalIDString = B62D384429BA608F00179020;
			remoteInfo = "e-store";
		};
/* End PBXContainerItemProxy section */

/* Begin PBXCopyFilesBuildPhase section */
		B62D387829BA638C00179020 /* Embed Frameworks */ = {
			isa = PBXCopyFilesBuildPhase;
			buildActionMask = 2147483647;
			dstPath = "";
			dstSubfolderSpec = 10;
			files = (
				B62D387729BA638C00179020 /* Shared_UI.framework in Embed Frameworks */,
			);
			name = "Embed Frameworks";
			runOnlyForDeploymentPostprocessing = 0;
		};
/* End PBXCopyFilesBuildPhase section */

/* Begin PBXFileReference section */
		16FF4A26161027477B9A2A73 /* Pods-e-store.debug.xcconfig */ = {isa = PBXFileReference; includeInIndex = 1; lastKnownFileType = text.xcconfig; name = "Pods-e-store.debug.xcconfig"; path = "Target Support Files/Pods-e-store/Pods-e-store.debug.xcconfig"; sourceTree = "<group>"; };
		45B4BBB262FBD9092798FAFD /* Pods-e-store.release.xcconfig */ = {isa = PBXFileReference; includeInIndex = 1; lastKnownFileType = text.xcconfig; name = "Pods-e-store.release.xcconfig"; path = "Target Support Files/Pods-e-store/Pods-e-store.release.xcconfig"; sourceTree = "<group>"; };
		4C310DE329F4A2AB0061C069 /* FeaturedProductView.xib */ = {isa = PBXFileReference; lastKnownFileType = file.xib; path = FeaturedProductView.xib; sourceTree = "<group>"; };
		4C310DE529F4A2BE0061C069 /* FeaturedProductView.swift */ = {isa = PBXFileReference; lastKnownFileType = sourcecode.swift; path = FeaturedProductView.swift; sourceTree = "<group>"; };
		4C310DE829F543360061C069 /* FeaturedProductSlider.swift */ = {isa = PBXFileReference; lastKnownFileType = sourcecode.swift; path = FeaturedProductSlider.swift; sourceTree = "<group>"; };
		4C310DEC29F5437A0061C069 /* FeaturedProductSlider.xib */ = {isa = PBXFileReference; lastKnownFileType = file.xib; path = FeaturedProductSlider.xib; sourceTree = "<group>"; };
		4C310DEF29F543B30061C069 /* FeaturedProductCollectionViewCell.swift */ = {isa = PBXFileReference; lastKnownFileType = sourcecode.swift; path = FeaturedProductCollectionViewCell.swift; sourceTree = "<group>"; };
		4C310DF029F543B30061C069 /* FeaturedProductCollectionViewCell.xib */ = {isa = PBXFileReference; lastKnownFileType = file.xib; path = FeaturedProductCollectionViewCell.xib; sourceTree = "<group>"; };
		4C310DF329F5A2380061C069 /* FeaturedProductModel.swift */ = {isa = PBXFileReference; lastKnownFileType = sourcecode.swift; path = FeaturedProductModel.swift; sourceTree = "<group>"; };
		4C3557D229DB8E0F00703789 /* StoreAssemply.swift */ = {isa = PBXFileReference; lastKnownFileType = sourcecode.swift; path = StoreAssemply.swift; sourceTree = "<group>"; };
		4C3557D929DB917400703789 /* DependencyManager.swift */ = {isa = PBXFileReference; lastKnownFileType = sourcecode.swift; path = DependencyManager.swift; sourceTree = "<group>"; };
		4C68C60F29E81BAA005A4175 /* ProductDetailsView.swift */ = {isa = PBXFileReference; lastKnownFileType = sourcecode.swift; path = ProductDetailsView.swift; sourceTree = "<group>"; };
		4C68C61329E81CEC005A4175 /* ProductDetailsView.xib */ = {isa = PBXFileReference; lastKnownFileType = file.xib; path = ProductDetailsView.xib; sourceTree = "<group>"; };
		4C6E35E929E1819D003A1241 /* en */ = {isa = PBXFileReference; lastKnownFileType = text.plist.strings; name = en; path = en.lproj/Localizable.strings; sourceTree = "<group>"; };
		4C6E35EB29E1819F003A1241 /* ar */ = {isa = PBXFileReference; lastKnownFileType = text.plist.strings; name = ar; path = ar.lproj/Localizable.strings; sourceTree = "<group>"; };
		4C92168129F0217D006FA99A /* SellerInformationView.xib */ = {isa = PBXFileReference; lastKnownFileType = file.xib; path = SellerInformationView.xib; sourceTree = "<group>"; };
		4C92168329F02191006FA99A /* SellerInformationView.swift */ = {isa = PBXFileReference; lastKnownFileType = sourcecode.swift; path = SellerInformationView.swift; sourceTree = "<group>"; };
		4C92168629F03BA8006FA99A /* DescriptionView.swift */ = {isa = PBXFileReference; lastKnownFileType = sourcecode.swift; path = DescriptionView.swift; sourceTree = "<group>"; };
		4C92168829F03BB1006FA99A /* DescriptionView.xib */ = {isa = PBXFileReference; lastKnownFileType = file.xib; path = DescriptionView.xib; sourceTree = "<group>"; };
		4CEEB40629E2CF6700ECCE47 /* ProductDetailsViewController.swift */ = {isa = PBXFileReference; lastKnownFileType = sourcecode.swift; path = ProductDetailsViewController.swift; sourceTree = "<group>"; };
		4CEEB40729E2CF6700ECCE47 /* ProductDetailsViewController.xib */ = {isa = PBXFileReference; lastKnownFileType = file.xib; path = ProductDetailsViewController.xib; sourceTree = "<group>"; };
		4CEEB40B29E2D0B100ECCE47 /* ProductImagesCollectionViewCell.swift */ = {isa = PBXFileReference; lastKnownFileType = sourcecode.swift; path = ProductImagesCollectionViewCell.swift; sourceTree = "<group>"; };
		4CEEB40C29E2D0B100ECCE47 /* ProductImagesCollectionViewCell.xib */ = {isa = PBXFileReference; lastKnownFileType = file.xib; path = ProductImagesCollectionViewCell.xib; sourceTree = "<group>"; };
		4CEEB41229E2E27500ECCE47 /* ViewControllerType.swift */ = {isa = PBXFileReference; lastKnownFileType = sourcecode.swift; path = ViewControllerType.swift; sourceTree = "<group>"; };
		4CEEB41429E2E56400ECCE47 /* StoreRouter.swift */ = {isa = PBXFileReference; lastKnownFileType = sourcecode.swift; path = StoreRouter.swift; sourceTree = "<group>"; };
		4CF6F61B29DDAD190019C1C5 /* Assets.swift */ = {isa = PBXFileReference; fileEncoding = 4; lastKnownFileType = sourcecode.swift; path = Assets.swift; sourceTree = "<group>"; };
		4CF6F61C29DDAD190019C1C5 /* Strings.swift */ = {isa = PBXFileReference; fileEncoding = 4; lastKnownFileType = sourcecode.swift; path = Strings.swift; sourceTree = "<group>"; };
		5C0EF6D329E22F11004C92CB /* RegisterAccountViewModel.swift */ = {isa = PBXFileReference; lastKnownFileType = sourcecode.swift; path = RegisterAccountViewModel.swift; sourceTree = "<group>"; };
		5C0EF6D429E22F11004C92CB /* RegisterAccountScreenViewController.swift */ = {isa = PBXFileReference; lastKnownFileType = sourcecode.swift; path = RegisterAccountScreenViewController.swift; sourceTree = "<group>"; };
		5C0EF6D529E22F12004C92CB /* RegisterAccountScreenViewController.xib */ = {isa = PBXFileReference; lastKnownFileType = file.xib; path = RegisterAccountScreenViewController.xib; sourceTree = "<group>"; };
		5C0EF6E629E23B9B004C92CB /* DMSans-Bold.ttf */ = {isa = PBXFileReference; lastKnownFileType = file; path = "DMSans-Bold.ttf"; sourceTree = "<group>"; };
		5C0EF6E829E23BAC004C92CB /* DMSans-Regular.ttf */ = {isa = PBXFileReference; lastKnownFileType = file; path = "DMSans-Regular.ttf"; sourceTree = "<group>"; };
		5C0EF6EA29E2C34A004C92CB /* DMSans-Medium.ttf */ = {isa = PBXFileReference; lastKnownFileType = file; path = "DMSans-Medium.ttf"; sourceTree = "<group>"; };
		5C0EF6F529E2EEB4004C92CB /* VerificationViewModel.swift */ = {isa = PBXFileReference; fileEncoding = 4; lastKnownFileType = sourcecode.swift; path = VerificationViewModel.swift; sourceTree = "<group>"; };
		5C0EF6F629E2EEB4004C92CB /* VerificationScreenViewController.swift */ = {isa = PBXFileReference; fileEncoding = 4; lastKnownFileType = sourcecode.swift; path = VerificationScreenViewController.swift; sourceTree = "<group>"; };
		5C0EF6F729E2EEB4004C92CB /* VerificationScreenViewController.xib */ = {isa = PBXFileReference; fileEncoding = 4; lastKnownFileType = file.xib; path = VerificationScreenViewController.xib; sourceTree = "<group>"; };
		5C46EDE129E38CAB00D72406 /* SetUserNameAndPasswordViewController.xib */ = {isa = PBXFileReference; fileEncoding = 4; lastKnownFileType = file.xib; path = SetUserNameAndPasswordViewController.xib; sourceTree = "<group>"; };
		5C46EDE229E38CAB00D72406 /* SetUserNameAndPasswordViewModel.swift */ = {isa = PBXFileReference; fileEncoding = 4; lastKnownFileType = sourcecode.swift; path = SetUserNameAndPasswordViewModel.swift; sourceTree = "<group>"; };
		5C46EDE329E38CAB00D72406 /* SetUserNameAndPasswordViewController.swift */ = {isa = PBXFileReference; fileEncoding = 4; lastKnownFileType = sourcecode.swift; path = SetUserNameAndPasswordViewController.swift; sourceTree = "<group>"; };
		5C543C5F29F01D7D008294AB /* ReviewView.swift */ = {isa = PBXFileReference; lastKnownFileType = sourcecode.swift; path = ReviewView.swift; sourceTree = "<group>"; };
		5C543C6229F02BB2008294AB /* ReviewTableViewCell.swift */ = {isa = PBXFileReference; lastKnownFileType = sourcecode.swift; path = ReviewTableViewCell.swift; sourceTree = "<group>"; };
		5C543C6329F02BB2008294AB /* ReviewTableViewCell.xib */ = {isa = PBXFileReference; lastKnownFileType = file.xib; path = ReviewTableViewCell.xib; sourceTree = "<group>"; };
		5CBD37A429E844660032EE04 /* IQManager.swift */ = {isa = PBXFileReference; lastKnownFileType = sourcecode.swift; path = IQManager.swift; sourceTree = "<group>"; };
		5CC286DD29F0C305008D0AF3 /* ReviewView.xib */ = {isa = PBXFileReference; fileEncoding = 4; lastKnownFileType = file.xib; path = ReviewView.xib; sourceTree = "<group>"; };
		B49575E65FE76E7CB37BDD90 /* libPods-e-store.a */ = {isa = PBXFileReference; explicitFileType = archive.ar; includeInIndex = 0; path = "libPods-e-store.a"; sourceTree = BUILT_PRODUCTS_DIR; };
		B62D384529BA608F00179020 /* e-store.app */ = {isa = PBXFileReference; explicitFileType = wrapper.application; includeInIndex = 0; path = "e-store.app"; sourceTree = BUILT_PRODUCTS_DIR; };
		B62D384829BA608F00179020 /* AppDelegate.swift */ = {isa = PBXFileReference; lastKnownFileType = sourcecode.swift; path = AppDelegate.swift; sourceTree = "<group>"; };
		B62D384A29BA608F00179020 /* SceneDelegate.swift */ = {isa = PBXFileReference; lastKnownFileType = sourcecode.swift; path = SceneDelegate.swift; sourceTree = "<group>"; };
		B62D384C29BA608F00179020 /* ViewController.swift */ = {isa = PBXFileReference; lastKnownFileType = sourcecode.swift; path = ViewController.swift; sourceTree = "<group>"; };
		B62D384F29BA608F00179020 /* Base */ = {isa = PBXFileReference; lastKnownFileType = file.storyboard; name = Base; path = Base.lproj/Main.storyboard; sourceTree = "<group>"; };
		B62D385129BA609100179020 /* Assets.xcassets */ = {isa = PBXFileReference; lastKnownFileType = folder.assetcatalog; path = Assets.xcassets; sourceTree = "<group>"; };
		B62D385429BA609100179020 /* Base */ = {isa = PBXFileReference; lastKnownFileType = file.storyboard; name = Base; path = Base.lproj/LaunchScreen.storyboard; sourceTree = "<group>"; };
		B62D385629BA609100179020 /* Info.plist */ = {isa = PBXFileReference; lastKnownFileType = text.plist.xml; path = Info.plist; sourceTree = "<group>"; };
		B62D387529BA638C00179020 /* Shared_UI.framework */ = {isa = PBXFileReference; explicitFileType = wrapper.framework; path = Shared_UI.framework; sourceTree = BUILT_PRODUCTS_DIR; };
		B62D387929BA678300179020 /* GoogleService-Info.plist */ = {isa = PBXFileReference; fileEncoding = 4; lastKnownFileType = text.plist.xml; path = "GoogleService-Info.plist"; sourceTree = "<group>"; };
		C92A974729F193380013E44D /* LoginMessage.swift */ = {isa = PBXFileReference; lastKnownFileType = sourcecode.swift; path = LoginMessage.swift; sourceTree = "<group>"; };
		C9508C3629E23346008E8C37 /* LoginScreenViewController.xib */ = {isa = PBXFileReference; fileEncoding = 4; lastKnownFileType = file.xib; path = LoginScreenViewController.xib; sourceTree = "<group>"; };
		C9508C3729E23346008E8C37 /* LoginScreenViewController.swift */ = {isa = PBXFileReference; fileEncoding = 4; lastKnownFileType = sourcecode.swift; path = LoginScreenViewController.swift; sourceTree = "<group>"; };
		C9A2A79029DBADF800988B24 /* e-storeTests.xctest */ = {isa = PBXFileReference; explicitFileType = wrapper.cfbundle; includeInIndex = 0; path = "e-storeTests.xctest"; sourceTree = BUILT_PRODUCTS_DIR; };
		C9A2A79229DBADF800988B24 /* LoginVMTestCases.swift */ = {isa = PBXFileReference; lastKnownFileType = sourcecode.swift; path = LoginVMTestCases.swift; sourceTree = "<group>"; };
		C9DED96829DF504D00423681 /* ValidatorTestCases.swift */ = {isa = PBXFileReference; lastKnownFileType = sourcecode.swift; path = ValidatorTestCases.swift; sourceTree = "<group>"; };
		C9E9EB0129D8FBB300400853 /* LoginViewModel.swift */ = {isa = PBXFileReference; lastKnownFileType = sourcecode.swift; path = LoginViewModel.swift; sourceTree = "<group>"; };
		C9E9EB0429D8FBF300400853 /* Validator.swift */ = {isa = PBXFileReference; lastKnownFileType = sourcecode.swift; path = Validator.swift; sourceTree = "<group>"; };
/* End PBXFileReference section */

/* Begin PBXFrameworksBuildPhase section */
		B62D384229BA608F00179020 /* Frameworks */ = {
			isa = PBXFrameworksBuildPhase;
			buildActionMask = 2147483647;
			files = (
				B62D386029BA61EE00179020 /* network in Frameworks */,
				5CA58B7929CCFF5100102C1C /* Domain in Frameworks */,
				B62D385D29BA614C00179020 /* e-store_foundation in Frameworks */,
				B62D387F29BA690D00179020 /* FirebaseCrashlytics in Frameworks */,
				B62D387D29BA690C00179020 /* FirebaseAnalytics in Frameworks */,
				5C0EF6EE29E2C631004C92CB /* IQKeyboardManagerSwift in Frameworks */,
				B62D387629BA638C00179020 /* Shared_UI.framework in Frameworks */,
				0A6991244F262651573CADC0 /* libPods-e-store.a in Frameworks */,
				4C3557D629DB8E7700703789 /* Swinject in Frameworks */,
			);
			runOnlyForDeploymentPostprocessing = 0;
		};
		C9A2A78D29DBADF800988B24 /* Frameworks */ = {
			isa = PBXFrameworksBuildPhase;
			buildActionMask = 2147483647;
			files = (
				C9A2A79A29DBAE5000988B24 /* FirebaseAnalytics in Frameworks */,
			);
			runOnlyForDeploymentPostprocessing = 0;
		};
/* End PBXFrameworksBuildPhase section */

/* Begin PBXGroup section */
		4C310DE229F4A28D0061C069 /* FeaturedProduct */ = {
			isa = PBXGroup;
			children = (
				4C310DE329F4A2AB0061C069 /* FeaturedProductView.xib */,
				4C310DE529F4A2BE0061C069 /* FeaturedProductView.swift */,
			);
			path = FeaturedProduct;
			sourceTree = "<group>";
		};
		4C310DE729F543110061C069 /* FeaturedProductCollectionView */ = {
			isa = PBXGroup;
			children = (
				4C310DEE29F5438A0061C069 /* FeaturedProductCollectionViewCell */,
				4C310DE829F543360061C069 /* FeaturedProductSlider.swift */,
				4C310DEC29F5437A0061C069 /* FeaturedProductSlider.xib */,
				4C310DF329F5A2380061C069 /* FeaturedProductModel.swift */,
			);
			path = FeaturedProductCollectionView;
			sourceTree = "<group>";
		};
		4C310DEE29F5438A0061C069 /* FeaturedProductCollectionViewCell */ = {
			isa = PBXGroup;
			children = (
				4C310DEF29F543B30061C069 /* FeaturedProductCollectionViewCell.swift */,
				4C310DF029F543B30061C069 /* FeaturedProductCollectionViewCell.xib */,
			);
			path = FeaturedProductCollectionViewCell;
			sourceTree = "<group>";
		};
		4C3557DB29DBA56E00703789 /* App */ = {
			isa = PBXGroup;
			children = (
				4C3557D929DB917400703789 /* DependencyManager.swift */,
			);
			path = App;
			sourceTree = "<group>";
		};
		4C3557DC29DBA58900703789 /* Assembly */ = {
			isa = PBXGroup;
			children = (
				4C3557D229DB8E0F00703789 /* StoreAssemply.swift */,
			);
			path = Assembly;
			sourceTree = "<group>";
		};
		4C92168529F03B88006FA99A /* DescriptionView */ = {
			isa = PBXGroup;
			children = (
				4C92168629F03BA8006FA99A /* DescriptionView.swift */,
				4C92168829F03BB1006FA99A /* DescriptionView.xib */,
			);
			path = DescriptionView;
			sourceTree = "<group>";
		};
		4C68C60D29E81B47005A4175 /* ProductDetailsViewController */ = {
			isa = PBXGroup;
			children = (
				4CEEB40629E2CF6700ECCE47 /* ProductDetailsViewController.swift */,
				4CEEB40729E2CF6700ECCE47 /* ProductDetailsViewController.xib */,
			);
			path = ProductDetailsViewController;
			sourceTree = "<group>";
		};
		4C68C60E29E81B5C005A4175 /* CustomViews */ = {
			isa = PBXGroup;
			children = (
				5C543C6629F0C291008294AB /* ReviewView */,
				4C310DE729F543110061C069 /* FeaturedProductCollectionView */,
				4C310DE229F4A28D0061C069 /* FeaturedProduct */,
				4C68C61529E82DBB005A4175 /* ProductDetailsView */,
			);
			path = CustomViews;
			sourceTree = "<group>";
		};
		4C68C61529E82DBB005A4175 /* ProductDetailsView */ = {
			isa = PBXGroup;
			children = (
				4C68C61329E81CEC005A4175 /* ProductDetailsView.xib */,
				4C68C60F29E81BAA005A4175 /* ProductDetailsView.swift */,
				4CEEB40A29E2D06700ECCE47 /* ProductImagesCollectionViewCell */,
			);
			path = ProductDetailsView;
			sourceTree = "<group>";
		};
		4C92168029F0214B006FA99A /* SellerInformation */ = {
			isa = PBXGroup;
			children = (
				4C92168129F0217D006FA99A /* SellerInformationView.xib */,
				4C92168329F02191006FA99A /* SellerInformationView.swift */,
			);
			path = SellerInformation;
			sourceTree = "<group>";
		};
		4CEEB40529E2CF2D00ECCE47 /* ProductDetails */ = {
			isa = PBXGroup;
			children = (
				4C68C60E29E81B5C005A4175 /* CustomViews */,
				4C68C60D29E81B47005A4175 /* ProductDetailsViewController */,
			);
			path = ProductDetails;
			sourceTree = "<group>";
		};
		4CEEB40A29E2D06700ECCE47 /* ProductImagesCollectionViewCell */ = {
			isa = PBXGroup;
			children = (
				4CEEB40B29E2D0B100ECCE47 /* ProductImagesCollectionViewCell.swift */,
				4CEEB40C29E2D0B100ECCE47 /* ProductImagesCollectionViewCell.xib */,
			);
			path = ProductImagesCollectionViewCell;
			sourceTree = "<group>";
		};
		4CEEB41129E2E25700ECCE47 /* Router */ = {
			isa = PBXGroup;
			children = (
				4CEEB41229E2E27500ECCE47 /* ViewControllerType.swift */,
				4CEEB41429E2E56400ECCE47 /* StoreRouter.swift */,
			);
			path = Router;
			sourceTree = "<group>";
		};
		4CF6F61229DDAC7F0019C1C5 /* Resources */ = {
			isa = PBXGroup;
			children = (
				5C0EF6D929E23A8F004C92CB /* fonts */,
				B62D385129BA609100179020 /* Assets.xcassets */,
				4CF6F61B29DDAD190019C1C5 /* Assets.swift */,
				4CF6F61C29DDAD190019C1C5 /* Strings.swift */,
				4C6E35EA29E1819D003A1241 /* Localizable.strings */,
			);
			path = Resources;
			sourceTree = "<group>";
		};
		5C0EF6D029E22E49004C92CB /* Register */ = {
			isa = PBXGroup;
			children = (
				5C46EDE029E38C9C00D72406 /* ProfilePassword */,
				5C0EF6F429E2EEA2004C92CB /* Verification */,
				5C0EF6D829E22F27004C92CB /* RegisterAccount */,
			);
			path = Register;
			sourceTree = "<group>";
		};
		5C0EF6D829E22F27004C92CB /* RegisterAccount */ = {
			isa = PBXGroup;
			children = (
				5C0EF6D429E22F11004C92CB /* RegisterAccountScreenViewController.swift */,
				5C0EF6D529E22F12004C92CB /* RegisterAccountScreenViewController.xib */,
				5C0EF6D329E22F11004C92CB /* RegisterAccountViewModel.swift */,
			);
			path = RegisterAccount;
			sourceTree = "<group>";
		};
		5C0EF6D929E23A8F004C92CB /* fonts */ = {
			isa = PBXGroup;
			children = (
				5C0EF6E629E23B9B004C92CB /* DMSans-Bold.ttf */,
				5C0EF6E829E23BAC004C92CB /* DMSans-Regular.ttf */,
				5C0EF6EA29E2C34A004C92CB /* DMSans-Medium.ttf */,
			);
			path = fonts;
			sourceTree = "<group>";
		};
		5C0EF6F429E2EEA2004C92CB /* Verification */ = {
			isa = PBXGroup;
			children = (
				5C0EF6F629E2EEB4004C92CB /* VerificationScreenViewController.swift */,
				5C0EF6F729E2EEB4004C92CB /* VerificationScreenViewController.xib */,
				5C0EF6F529E2EEB4004C92CB /* VerificationViewModel.swift */,
			);
			path = Verification;
			sourceTree = "<group>";
		};
		5C46EDE029E38C9C00D72406 /* ProfilePassword */ = {
			isa = PBXGroup;
			children = (
				5C46EDE329E38CAB00D72406 /* SetUserNameAndPasswordViewController.swift */,
				5C46EDE129E38CAB00D72406 /* SetUserNameAndPasswordViewController.xib */,
				5C46EDE229E38CAB00D72406 /* SetUserNameAndPasswordViewModel.swift */,
			);
			path = ProfilePassword;
			sourceTree = "<group>";
		};
		5C543C6129F02B81008294AB /* ReviewCell */ = {
			isa = PBXGroup;
			children = (
				5C543C6229F02BB2008294AB /* ReviewTableViewCell.swift */,
				5C543C6329F02BB2008294AB /* ReviewTableViewCell.xib */,
			);
			path = ReviewCell;
			sourceTree = "<group>";
		};
		5C543C6629F0C291008294AB /* ReviewView */ = {
			isa = PBXGroup;
			children = (
				5C543C5F29F01D7D008294AB /* ReviewView.swift */,
				5CC286DD29F0C305008D0AF3 /* ReviewView.xib */,
				5C543C6129F02B81008294AB /* ReviewCell */,
			);
			path = ReviewView;
			sourceTree = "<group>";
		};
		642276AD4B1ECEC35FF695A4 /* Pods */ = {
			isa = PBXGroup;
			children = (
				16FF4A26161027477B9A2A73 /* Pods-e-store.debug.xcconfig */,
				45B4BBB262FBD9092798FAFD /* Pods-e-store.release.xcconfig */,
			);
			path = Pods;
			sourceTree = "<group>";
		};
		911AE0FD3918430F9EE658DB /* Frameworks */ = {
			isa = PBXGroup;
			children = (
				B62D387529BA638C00179020 /* Shared_UI.framework */,
				B49575E65FE76E7CB37BDD90 /* libPods-e-store.a */,
			);
			name = Frameworks;
			sourceTree = "<group>";
		};
		B62D383C29BA608F00179020 = {
			isa = PBXGroup;
			children = (
				B62D387929BA678300179020 /* GoogleService-Info.plist */,
				B62D384729BA608F00179020 /* e-store */,
				C9A2A79129DBADF800988B24 /* e-storeTests */,
				B62D384629BA608F00179020 /* Products */,
				642276AD4B1ECEC35FF695A4 /* Pods */,
				911AE0FD3918430F9EE658DB /* Frameworks */,
			);
			sourceTree = "<group>";
		};
		B62D384629BA608F00179020 /* Products */ = {
			isa = PBXGroup;
			children = (
				B62D384529BA608F00179020 /* e-store.app */,
				C9A2A79029DBADF800988B24 /* e-storeTests.xctest */,
			);
			name = Products;
			sourceTree = "<group>";
		};
		B62D384729BA608F00179020 /* e-store */ = {
			isa = PBXGroup;
			children = (
				4CEEB41129E2E25700ECCE47 /* Router */,
				4CF6F61229DDAC7F0019C1C5 /* Resources */,
				4C3557DB29DBA56E00703789 /* App */,
				4C3557DC29DBA58900703789 /* Assembly */,
				C9E9EB0329D8FBD200400853 /* Utilities */,
				C9E9EAFF29D8FB9900400853 /* ScenesScreen */,
				B62D384829BA608F00179020 /* AppDelegate.swift */,
				B62D384A29BA608F00179020 /* SceneDelegate.swift */,
				B62D384C29BA608F00179020 /* ViewController.swift */,
				B62D384E29BA608F00179020 /* Main.storyboard */,
				B62D385329BA609100179020 /* LaunchScreen.storyboard */,
				B62D385629BA609100179020 /* Info.plist */,
			);
			path = "e-store";
			sourceTree = "<group>";
		};
		C9A2A79129DBADF800988B24 /* e-storeTests */ = {
			isa = PBXGroup;
			children = (
				C9A2A79229DBADF800988B24 /* LoginVMTestCases.swift */,
				C9DED96829DF504D00423681 /* ValidatorTestCases.swift */,
			);
			path = "e-storeTests";
			sourceTree = "<group>";
		};
		C9E9EAFF29D8FB9900400853 /* ScenesScreen */ = {
			isa = PBXGroup;
			children = (
				4C92168529F03B88006FA99A /* DescriptionView */,
				4C92168029F0214B006FA99A /* SellerInformation */,
				5C0EF6D029E22E49004C92CB /* Register */,
				4CEEB40529E2CF2D00ECCE47 /* ProductDetails */,
				C9E9EB0029D8FBA200400853 /* Login */,
			);
			path = ScenesScreen;
			sourceTree = "<group>";
		};
		C9E9EB0029D8FBA200400853 /* Login */ = {
			isa = PBXGroup;
			children = (
				C9508C3729E23346008E8C37 /* LoginScreenViewController.swift */,
				C9508C3629E23346008E8C37 /* LoginScreenViewController.xib */,
				C9E9EB0129D8FBB300400853 /* LoginViewModel.swift */,
				C92A974729F193380013E44D /* LoginMessage.swift */,
			);
			path = Login;
			sourceTree = "<group>";
		};
		C9E9EB0329D8FBD200400853 /* Utilities */ = {
			isa = PBXGroup;
			children = (
				C9E9EB0429D8FBF300400853 /* Validator.swift */,
				5CBD37A429E844660032EE04 /* IQManager.swift */,
			);
			path = Utilities;
			sourceTree = "<group>";
		};
/* End PBXGroup section */

/* Begin PBXNativeTarget section */
		B62D384429BA608F00179020 /* e-store */ = {
			isa = PBXNativeTarget;
			buildConfigurationList = B62D385929BA609100179020 /* Build configuration list for PBXNativeTarget "e-store" */;
			buildPhases = (
				609988579DCC821062C55520 /* [CP] Check Pods Manifest.lock */,
				B62D384129BA608F00179020 /* Sources */,
				B62D384229BA608F00179020 /* Frameworks */,
				B62D384329BA608F00179020 /* Resources */,
				B62D387829BA638C00179020 /* Embed Frameworks */,
				B62D388029BA69C100179020 /* Swiftlint */,
			);
			buildRules = (
			);
			dependencies = (
			);
			name = "e-store";
			packageProductDependencies = (
				B62D385C29BA614C00179020 /* e-store_foundation */,
				B62D385F29BA61EE00179020 /* network */,
				B62D387C29BA690C00179020 /* FirebaseAnalytics */,
				B62D387E29BA690D00179020 /* FirebaseCrashlytics */,
				5CA58B7829CCFF5100102C1C /* Domain */,
				4C3557D529DB8E7700703789 /* Swinject */,
				5C0EF6ED29E2C631004C92CB /* IQKeyboardManagerSwift */,
			);
			productName = "e-store";
			productReference = B62D384529BA608F00179020 /* e-store.app */;
			productType = "com.apple.product-type.application";
		};
		C9A2A78F29DBADF800988B24 /* e-storeTests */ = {
			isa = PBXNativeTarget;
			buildConfigurationList = C9A2A79829DBADF800988B24 /* Build configuration list for PBXNativeTarget "e-storeTests" */;
			buildPhases = (
				C9A2A78C29DBADF800988B24 /* Sources */,
				C9A2A78D29DBADF800988B24 /* Frameworks */,
				C9A2A78E29DBADF800988B24 /* Resources */,
			);
			buildRules = (
			);
			dependencies = (
				C9A2A79529DBADF800988B24 /* PBXTargetDependency */,
			);
			name = "e-storeTests";
			packageProductDependencies = (
				C9A2A79929DBAE5000988B24 /* FirebaseAnalytics */,
			);
			productName = "e-storeTests";
			productReference = C9A2A79029DBADF800988B24 /* e-storeTests.xctest */;
			productType = "com.apple.product-type.bundle.unit-test";
		};
/* End PBXNativeTarget section */

/* Begin PBXProject section */
		B62D383D29BA608F00179020 /* Project object */ = {
			isa = PBXProject;
			attributes = {
				BuildIndependentTargetsInParallel = 1;
				LastSwiftUpdateCheck = 1420;
				LastUpgradeCheck = 1410;
				TargetAttributes = {
					B62D384429BA608F00179020 = {
						CreatedOnToolsVersion = 14.1;
					};
					C9A2A78F29DBADF800988B24 = {
						CreatedOnToolsVersion = 14.2;
						TestTargetID = B62D384429BA608F00179020;
					};
				};
			};
			buildConfigurationList = B62D384029BA608F00179020 /* Build configuration list for PBXProject "e-store" */;
			compatibilityVersion = "Xcode 14.0";
			developmentRegion = en;
			hasScannedForEncodings = 0;
			knownRegions = (
				en,
				Base,
				ar,
			);
			mainGroup = B62D383C29BA608F00179020;
			packageReferences = (
				B62D387B29BA690C00179020 /* XCRemoteSwiftPackageReference "firebase-ios-sdk" */,
				4C3557D429DB8E7700703789 /* XCRemoteSwiftPackageReference "Swinject" */,
				5C0EF6EC29E2C631004C92CB /* XCRemoteSwiftPackageReference "IQKeyboardManager" */,
			);
			productRefGroup = B62D384629BA608F00179020 /* Products */;
			projectDirPath = "";
			projectRoot = "";
			targets = (
				B62D384429BA608F00179020 /* e-store */,
				C9A2A78F29DBADF800988B24 /* e-storeTests */,
			);
		};
/* End PBXProject section */

/* Begin PBXResourcesBuildPhase section */
		B62D384329BA608F00179020 /* Resources */ = {
			isa = PBXResourcesBuildPhase;
			buildActionMask = 2147483647;
			files = (
				4C6E35E829E1819D003A1241 /* Localizable.strings in Resources */,
				5C0EF6EB29E2C34A004C92CB /* DMSans-Medium.ttf in Resources */,
				5C0EF6E929E23BAC004C92CB /* DMSans-Regular.ttf in Resources */,
				5C0EF6E729E23B9B004C92CB /* DMSans-Bold.ttf in Resources */,
				5C46EDE429E38CAB00D72406 /* SetUserNameAndPasswordViewController.xib in Resources */,
				4C68C61429E81CEC005A4175 /* ProductDetailsView.xib in Resources */,
				B62D385529BA609100179020 /* LaunchScreen.storyboard in Resources */,
				4C92168229F0217D006FA99A /* SellerInformationView.xib in Resources */,
				5C0EF6FA29E2EEB4004C92CB /* VerificationScreenViewController.xib in Resources */,
				4C92168929F03BB1006FA99A /* DescriptionView.xib in Resources */,
				B62D387A29BA678300179020 /* GoogleService-Info.plist in Resources */,
				5C543C6529F02BB2008294AB /* ReviewTableViewCell.xib in Resources */,
				5CC286DE29F0C305008D0AF3 /* ReviewView.xib in Resources */,
				4CEEB40E29E2D0B100ECCE47 /* ProductImagesCollectionViewCell.xib in Resources */,
				4C310DF229F543B30061C069 /* FeaturedProductCollectionViewCell.xib in Resources */,
				B62D385229BA609100179020 /* Assets.xcassets in Resources */,
				4C310DE429F4A2AB0061C069 /* FeaturedProductView.xib in Resources */,
				4CEEB40929E2CF6700ECCE47 /* ProductDetailsViewController.xib in Resources */,
				C9508C3829E23346008E8C37 /* LoginScreenViewController.xib in Resources */,
				B62D385029BA608F00179020 /* Main.storyboard in Resources */,
				4C310DED29F5437A0061C069 /* FeaturedProductSlider.xib in Resources */,
				5C0EF6F029E2CE83004C92CB /* RegisterAccountScreenViewController.xib in Resources */,
			);
			runOnlyForDeploymentPostprocessing = 0;
		};
		C9A2A78E29DBADF800988B24 /* Resources */ = {
			isa = PBXResourcesBuildPhase;
			buildActionMask = 2147483647;
			files = (
				5C0EF6F129E2CE84004C92CB /* RegisterAccountScreenViewController.xib in Resources */,
			);
			runOnlyForDeploymentPostprocessing = 0;
		};
/* End PBXResourcesBuildPhase section */

/* Begin PBXShellScriptBuildPhase section */
		609988579DCC821062C55520 /* [CP] Check Pods Manifest.lock */ = {
			isa = PBXShellScriptBuildPhase;
			buildActionMask = 2147483647;
			files = (
			);
			inputFileListPaths = (
			);
			inputPaths = (
				"${PODS_PODFILE_DIR_PATH}/Podfile.lock",
				"${PODS_ROOT}/Manifest.lock",
			);
			name = "[CP] Check Pods Manifest.lock";
			outputFileListPaths = (
			);
			outputPaths = (
				"$(DERIVED_FILE_DIR)/Pods-e-store-checkManifestLockResult.txt",
			);
			runOnlyForDeploymentPostprocessing = 0;
			shellPath = /bin/sh;
			shellScript = "diff \"${PODS_PODFILE_DIR_PATH}/Podfile.lock\" \"${PODS_ROOT}/Manifest.lock\" > /dev/null\nif [ $? != 0 ] ; then\n    # print error to STDERR\n    echo \"error: The sandbox is not in sync with the Podfile.lock. Run 'pod install' or update your CocoaPods installation.\" >&2\n    exit 1\nfi\n# This output is used by Xcode 'outputs' to avoid re-running this script phase.\necho \"SUCCESS\" > \"${SCRIPT_OUTPUT_FILE_0}\"\n";
			showEnvVarsInLog = 0;
		};
		B62D388029BA69C100179020 /* Swiftlint */ = {
			isa = PBXShellScriptBuildPhase;
			buildActionMask = 2147483647;
			files = (
			);
			inputFileListPaths = (
			);
			inputPaths = (
				"${DWARF_DSYM_FOLDER_PATH}/${DWARF_DSYM_FILE_NAME}/Contents/Resources/DWARF/${TARGET_NAME}",
				"$(SRCROOT)/$(BUILT_PRODUCTS_DIR)/$(INFOPLIST_PATH)",
			);
			name = Swiftlint;
			outputFileListPaths = (
			);
			outputPaths = (
			);
			runOnlyForDeploymentPostprocessing = 0;
			shellPath = /bin/sh;
			shellScript = "export PATH=\"$PATH:/opt/homebrew/bin\"\nif which swiftlint > /dev/null; then\n  swiftlint\nelse\n  echo \"warning: SwiftLint not installed, download from https://github.com/realm/SwiftLint\"\nfi\n";
		};
/* End PBXShellScriptBuildPhase section */

/* Begin PBXSourcesBuildPhase section */
		B62D384129BA608F00179020 /* Sources */ = {
			isa = PBXSourcesBuildPhase;
			buildActionMask = 2147483647;
			files = (
				4C59744229DDB6F7005F7CD3 /* AppDelegate.swift in Sources */,
				5CBD37A529E844660032EE04 /* IQManager.swift in Sources */,
				5C543C6029F01D7D008294AB /* ReviewView.swift in Sources */,
				4C310DF129F543B30061C069 /* FeaturedProductCollectionViewCell.swift in Sources */,
				4C310DE929F543360061C069 /* FeaturedProductSlider.swift in Sources */,
				5C46EDE529E38CAB00D72406 /* SetUserNameAndPasswordViewModel.swift in Sources */,
				5C0EF6D629E22F12004C92CB /* RegisterAccountScreenViewController.swift in Sources */,
				4C310DE629F4A2BE0061C069 /* FeaturedProductView.swift in Sources */,
				C9E9EB0229D8FBB300400853 /* LoginViewModel.swift in Sources */,
				5C0EF6F929E2EEB4004C92CB /* VerificationScreenViewController.swift in Sources */,
				4CEEB40D29E2D0B100ECCE47 /* ProductImagesCollectionViewCell.swift in Sources */,
				4CF6F61E29DDAD190019C1C5 /* Strings.swift in Sources */,
				4C92168729F03BA8006FA99A /* DescriptionView.swift in Sources */,
				4CEEB40829E2CF6700ECCE47 /* ProductDetailsViewController.swift in Sources */,
				4C68C61029E81BAA005A4175 /* ProductDetailsView.swift in Sources */,
				B62D384D29BA608F00179020 /* ViewController.swift in Sources */,
				4C310DF429F5A2380061C069 /* FeaturedProductModel.swift in Sources */,
				4CF6F61D29DDAD190019C1C5 /* Assets.swift in Sources */,
				C92A974829F193380013E44D /* LoginMessage.swift in Sources */,
				5C46EDE629E38CAB00D72406 /* SetUserNameAndPasswordViewController.swift in Sources */,
				C9E9EB0529D8FBF300400853 /* Validator.swift in Sources */,
				4CEEB41329E2E27500ECCE47 /* ViewControllerType.swift in Sources */,
				B62D384B29BA608F00179020 /* SceneDelegate.swift in Sources */,
				4CEEB41529E2E56400ECCE47 /* StoreRouter.swift in Sources */,
				4C92168429F02191006FA99A /* SellerInformationView.swift in Sources */,
				4C3557D329DB8E0F00703789 /* StoreAssemply.swift in Sources */,
				5C0EF6F829E2EEB4004C92CB /* VerificationViewModel.swift in Sources */,
				5C543C6429F02BB2008294AB /* ReviewTableViewCell.swift in Sources */,
				C9508C3929E23346008E8C37 /* LoginScreenViewController.swift in Sources */,
				4C3557DA29DB917400703789 /* DependencyManager.swift in Sources */,
				5C0EF6D729E22F12004C92CB /* RegisterAccountViewModel.swift in Sources */,
			);
			runOnlyForDeploymentPostprocessing = 0;
		};
		C9A2A78C29DBADF800988B24 /* Sources */ = {
			isa = PBXSourcesBuildPhase;
			buildActionMask = 2147483647;
			files = (
				C9DED96929DF504D00423681 /* ValidatorTestCases.swift in Sources */,
				C9A2A79329DBADF800988B24 /* LoginVMTestCases.swift in Sources */,
			);
			runOnlyForDeploymentPostprocessing = 0;
		};
/* End PBXSourcesBuildPhase section */

/* Begin PBXTargetDependency section */
		C9A2A79529DBADF800988B24 /* PBXTargetDependency */ = {
			isa = PBXTargetDependency;
			target = B62D384429BA608F00179020 /* e-store */;
			targetProxy = C9A2A79429DBADF800988B24 /* PBXContainerItemProxy */;
		};
/* End PBXTargetDependency section */

/* Begin PBXVariantGroup section */
		4C6E35EA29E1819D003A1241 /* Localizable.strings */ = {
			isa = PBXVariantGroup;
			children = (
				4C6E35E929E1819D003A1241 /* en */,
				4C6E35EB29E1819F003A1241 /* ar */,
			);
			name = Localizable.strings;
			sourceTree = "<group>";
		};
		B62D384E29BA608F00179020 /* Main.storyboard */ = {
			isa = PBXVariantGroup;
			children = (
				B62D384F29BA608F00179020 /* Base */,
			);
			name = Main.storyboard;
			sourceTree = "<group>";
		};
		B62D385329BA609100179020 /* LaunchScreen.storyboard */ = {
			isa = PBXVariantGroup;
			children = (
				B62D385429BA609100179020 /* Base */,
			);
			name = LaunchScreen.storyboard;
			sourceTree = "<group>";
		};
/* End PBXVariantGroup section */

/* Begin XCBuildConfiguration section */
		B62D385729BA609100179020 /* Debug */ = {
			isa = XCBuildConfiguration;
			buildSettings = {
				ALWAYS_SEARCH_USER_PATHS = NO;
				CLANG_ANALYZER_LOCALIZABILITY_NONLOCALIZED = YES;
				CLANG_ANALYZER_NONNULL = YES;
				CLANG_ANALYZER_NUMBER_OBJECT_CONVERSION = YES_AGGRESSIVE;
				CLANG_CXX_LANGUAGE_STANDARD = "gnu++20";
				CLANG_ENABLE_MODULES = YES;
				CLANG_ENABLE_OBJC_ARC = YES;
				CLANG_ENABLE_OBJC_WEAK = YES;
				CLANG_WARN_BLOCK_CAPTURE_AUTORELEASING = YES;
				CLANG_WARN_BOOL_CONVERSION = YES;
				CLANG_WARN_COMMA = YES;
				CLANG_WARN_CONSTANT_CONVERSION = YES;
				CLANG_WARN_DEPRECATED_OBJC_IMPLEMENTATIONS = YES;
				CLANG_WARN_DIRECT_OBJC_ISA_USAGE = YES_ERROR;
				CLANG_WARN_DOCUMENTATION_COMMENTS = YES;
				CLANG_WARN_EMPTY_BODY = YES;
				CLANG_WARN_ENUM_CONVERSION = YES;
				CLANG_WARN_INFINITE_RECURSION = YES;
				CLANG_WARN_INT_CONVERSION = YES;
				CLANG_WARN_NON_LITERAL_NULL_CONVERSION = YES;
				CLANG_WARN_OBJC_IMPLICIT_RETAIN_SELF = YES;
				CLANG_WARN_OBJC_LITERAL_CONVERSION = YES;
				CLANG_WARN_OBJC_ROOT_CLASS = YES_ERROR;
				CLANG_WARN_QUOTED_INCLUDE_IN_FRAMEWORK_HEADER = YES;
				CLANG_WARN_RANGE_LOOP_ANALYSIS = YES;
				CLANG_WARN_STRICT_PROTOTYPES = YES;
				CLANG_WARN_SUSPICIOUS_MOVE = YES;
				CLANG_WARN_UNGUARDED_AVAILABILITY = YES_AGGRESSIVE;
				CLANG_WARN_UNREACHABLE_CODE = YES;
				CLANG_WARN__DUPLICATE_METHOD_MATCH = YES;
				COPY_PHASE_STRIP = NO;
				DEBUG_INFORMATION_FORMAT = dwarf;
				ENABLE_STRICT_OBJC_MSGSEND = YES;
				ENABLE_TESTABILITY = YES;
				GCC_C_LANGUAGE_STANDARD = gnu11;
				GCC_DYNAMIC_NO_PIC = NO;
				GCC_NO_COMMON_BLOCKS = YES;
				GCC_OPTIMIZATION_LEVEL = 0;
				GCC_PREPROCESSOR_DEFINITIONS = (
					"DEBUG=1",
					"$(inherited)",
				);
				GCC_WARN_64_TO_32_BIT_CONVERSION = YES;
				GCC_WARN_ABOUT_RETURN_TYPE = YES_ERROR;
				GCC_WARN_UNDECLARED_SELECTOR = YES;
				GCC_WARN_UNINITIALIZED_AUTOS = YES_AGGRESSIVE;
				GCC_WARN_UNUSED_FUNCTION = YES;
				GCC_WARN_UNUSED_VARIABLE = YES;
				IPHONEOS_DEPLOYMENT_TARGET = 16.1;
				MTL_ENABLE_DEBUG_INFO = INCLUDE_SOURCE;
				MTL_FAST_MATH = YES;
				ONLY_ACTIVE_ARCH = YES;
				SDKROOT = iphoneos;
				SWIFT_ACTIVE_COMPILATION_CONDITIONS = DEBUG;
				SWIFT_OPTIMIZATION_LEVEL = "-Onone";
			};
			name = Debug;
		};
		B62D385829BA609100179020 /* Release */ = {
			isa = XCBuildConfiguration;
			buildSettings = {
				ALWAYS_SEARCH_USER_PATHS = NO;
				CLANG_ANALYZER_LOCALIZABILITY_NONLOCALIZED = YES;
				CLANG_ANALYZER_NONNULL = YES;
				CLANG_ANALYZER_NUMBER_OBJECT_CONVERSION = YES_AGGRESSIVE;
				CLANG_CXX_LANGUAGE_STANDARD = "gnu++20";
				CLANG_ENABLE_MODULES = YES;
				CLANG_ENABLE_OBJC_ARC = YES;
				CLANG_ENABLE_OBJC_WEAK = YES;
				CLANG_WARN_BLOCK_CAPTURE_AUTORELEASING = YES;
				CLANG_WARN_BOOL_CONVERSION = YES;
				CLANG_WARN_COMMA = YES;
				CLANG_WARN_CONSTANT_CONVERSION = YES;
				CLANG_WARN_DEPRECATED_OBJC_IMPLEMENTATIONS = YES;
				CLANG_WARN_DIRECT_OBJC_ISA_USAGE = YES_ERROR;
				CLANG_WARN_DOCUMENTATION_COMMENTS = YES;
				CLANG_WARN_EMPTY_BODY = YES;
				CLANG_WARN_ENUM_CONVERSION = YES;
				CLANG_WARN_INFINITE_RECURSION = YES;
				CLANG_WARN_INT_CONVERSION = YES;
				CLANG_WARN_NON_LITERAL_NULL_CONVERSION = YES;
				CLANG_WARN_OBJC_IMPLICIT_RETAIN_SELF = YES;
				CLANG_WARN_OBJC_LITERAL_CONVERSION = YES;
				CLANG_WARN_OBJC_ROOT_CLASS = YES_ERROR;
				CLANG_WARN_QUOTED_INCLUDE_IN_FRAMEWORK_HEADER = YES;
				CLANG_WARN_RANGE_LOOP_ANALYSIS = YES;
				CLANG_WARN_STRICT_PROTOTYPES = YES;
				CLANG_WARN_SUSPICIOUS_MOVE = YES;
				CLANG_WARN_UNGUARDED_AVAILABILITY = YES_AGGRESSIVE;
				CLANG_WARN_UNREACHABLE_CODE = YES;
				CLANG_WARN__DUPLICATE_METHOD_MATCH = YES;
				COPY_PHASE_STRIP = NO;
				DEBUG_INFORMATION_FORMAT = "dwarf-with-dsym";
				ENABLE_NS_ASSERTIONS = NO;
				ENABLE_STRICT_OBJC_MSGSEND = YES;
				GCC_C_LANGUAGE_STANDARD = gnu11;
				GCC_NO_COMMON_BLOCKS = YES;
				GCC_WARN_64_TO_32_BIT_CONVERSION = YES;
				GCC_WARN_ABOUT_RETURN_TYPE = YES_ERROR;
				GCC_WARN_UNDECLARED_SELECTOR = YES;
				GCC_WARN_UNINITIALIZED_AUTOS = YES_AGGRESSIVE;
				GCC_WARN_UNUSED_FUNCTION = YES;
				GCC_WARN_UNUSED_VARIABLE = YES;
				IPHONEOS_DEPLOYMENT_TARGET = 16.1;
				MTL_ENABLE_DEBUG_INFO = NO;
				MTL_FAST_MATH = YES;
				SDKROOT = iphoneos;
				SWIFT_COMPILATION_MODE = wholemodule;
				SWIFT_OPTIMIZATION_LEVEL = "-O";
				VALIDATE_PRODUCT = YES;
			};
			name = Release;
		};
		B62D385A29BA609100179020 /* Debug */ = {
			isa = XCBuildConfiguration;
			baseConfigurationReference = 16FF4A26161027477B9A2A73 /* Pods-e-store.debug.xcconfig */;
			buildSettings = {
				ASSETCATALOG_COMPILER_APPICON_NAME = AppIcon;
				ASSETCATALOG_COMPILER_GLOBAL_ACCENT_COLOR_NAME = AccentColor;
				CODE_SIGN_STYLE = Automatic;
				CURRENT_PROJECT_VERSION = 1;
				DEBUG_INFORMATION_FORMAT = "dwarf-with-dsym";
				DEVELOPMENT_TEAM = 4XR27GH5NW;
				GENERATE_INFOPLIST_FILE = YES;
				INFOPLIST_FILE = "e-store/Info.plist";
				INFOPLIST_KEY_UIApplicationSupportsIndirectInputEvents = YES;
				INFOPLIST_KEY_UILaunchStoryboardName = LaunchScreen;
				INFOPLIST_KEY_UIMainStoryboardFile = Main;
				INFOPLIST_KEY_UISupportedInterfaceOrientations_iPad = "UIInterfaceOrientationPortrait UIInterfaceOrientationPortraitUpsideDown UIInterfaceOrientationLandscapeLeft UIInterfaceOrientationLandscapeRight";
				INFOPLIST_KEY_UISupportedInterfaceOrientations_iPhone = "UIInterfaceOrientationPortrait UIInterfaceOrientationLandscapeLeft UIInterfaceOrientationLandscapeRight";
				IPHONEOS_DEPLOYMENT_TARGET = 14.0;
				LD_RUNPATH_SEARCH_PATHS = (
					"$(inherited)",
					"@executable_path/Frameworks",
				);
				MARKETING_VERSION = 1.0;
				PRODUCT_BUNDLE_IDENTIFIER = "Bassuni.e-store";
				PRODUCT_NAME = "$(TARGET_NAME)";
				SWIFT_EMIT_LOC_STRINGS = YES;
				SWIFT_VERSION = 5.0;
				TARGETED_DEVICE_FAMILY = "1,2";
			};
			name = Debug;
		};
		B62D385B29BA609100179020 /* Release */ = {
			isa = XCBuildConfiguration;
			baseConfigurationReference = 45B4BBB262FBD9092798FAFD /* Pods-e-store.release.xcconfig */;
			buildSettings = {
				ASSETCATALOG_COMPILER_APPICON_NAME = AppIcon;
				ASSETCATALOG_COMPILER_GLOBAL_ACCENT_COLOR_NAME = AccentColor;
				CODE_SIGN_STYLE = Automatic;
				CURRENT_PROJECT_VERSION = 1;
				DEVELOPMENT_TEAM = 4XR27GH5NW;
				GENERATE_INFOPLIST_FILE = YES;
				INFOPLIST_FILE = "e-store/Info.plist";
				INFOPLIST_KEY_UIApplicationSupportsIndirectInputEvents = YES;
				INFOPLIST_KEY_UILaunchStoryboardName = LaunchScreen;
				INFOPLIST_KEY_UIMainStoryboardFile = Main;
				INFOPLIST_KEY_UISupportedInterfaceOrientations_iPad = "UIInterfaceOrientationPortrait UIInterfaceOrientationPortraitUpsideDown UIInterfaceOrientationLandscapeLeft UIInterfaceOrientationLandscapeRight";
				INFOPLIST_KEY_UISupportedInterfaceOrientations_iPhone = "UIInterfaceOrientationPortrait UIInterfaceOrientationLandscapeLeft UIInterfaceOrientationLandscapeRight";
				IPHONEOS_DEPLOYMENT_TARGET = 14.0;
				LD_RUNPATH_SEARCH_PATHS = (
					"$(inherited)",
					"@executable_path/Frameworks",
				);
				MARKETING_VERSION = 1.0;
				PRODUCT_BUNDLE_IDENTIFIER = "Bassuni.e-store";
				PRODUCT_NAME = "$(TARGET_NAME)";
				SWIFT_EMIT_LOC_STRINGS = YES;
				SWIFT_VERSION = 5.0;
				TARGETED_DEVICE_FAMILY = "1,2";
			};
			name = Release;
		};
		C9A2A79629DBADF800988B24 /* Debug */ = {
			isa = XCBuildConfiguration;
			buildSettings = {
				BUNDLE_LOADER = "$(TEST_HOST)";
				CODE_SIGN_STYLE = Automatic;
				CURRENT_PROJECT_VERSION = 1;
				GENERATE_INFOPLIST_FILE = YES;
				IPHONEOS_DEPLOYMENT_TARGET = 16.2;
				MARKETING_VERSION = 1.0;
				PRODUCT_BUNDLE_IDENTIFIER = "sultan.e-storeTests";
				PRODUCT_NAME = "$(TARGET_NAME)";
				SWIFT_EMIT_LOC_STRINGS = NO;
				SWIFT_VERSION = 5.0;
				TARGETED_DEVICE_FAMILY = "1,2";
				TEST_HOST = "$(BUILT_PRODUCTS_DIR)/e-store.app/$(BUNDLE_EXECUTABLE_FOLDER_PATH)/e-store";
			};
			name = Debug;
		};
		C9A2A79729DBADF800988B24 /* Release */ = {
			isa = XCBuildConfiguration;
			buildSettings = {
				BUNDLE_LOADER = "$(TEST_HOST)";
				CODE_SIGN_STYLE = Automatic;
				CURRENT_PROJECT_VERSION = 1;
				GENERATE_INFOPLIST_FILE = YES;
				IPHONEOS_DEPLOYMENT_TARGET = 16.2;
				MARKETING_VERSION = 1.0;
				PRODUCT_BUNDLE_IDENTIFIER = "sultan.e-storeTests";
				PRODUCT_NAME = "$(TARGET_NAME)";
				SWIFT_EMIT_LOC_STRINGS = NO;
				SWIFT_VERSION = 5.0;
				TARGETED_DEVICE_FAMILY = "1,2";
				TEST_HOST = "$(BUILT_PRODUCTS_DIR)/e-store.app/$(BUNDLE_EXECUTABLE_FOLDER_PATH)/e-store";
			};
			name = Release;
		};
/* End XCBuildConfiguration section */

/* Begin XCConfigurationList section */
		B62D384029BA608F00179020 /* Build configuration list for PBXProject "e-store" */ = {
			isa = XCConfigurationList;
			buildConfigurations = (
				B62D385729BA609100179020 /* Debug */,
				B62D385829BA609100179020 /* Release */,
			);
			defaultConfigurationIsVisible = 0;
			defaultConfigurationName = Release;
		};
		B62D385929BA609100179020 /* Build configuration list for PBXNativeTarget "e-store" */ = {
			isa = XCConfigurationList;
			buildConfigurations = (
				B62D385A29BA609100179020 /* Debug */,
				B62D385B29BA609100179020 /* Release */,
			);
			defaultConfigurationIsVisible = 0;
			defaultConfigurationName = Release;
		};
		C9A2A79829DBADF800988B24 /* Build configuration list for PBXNativeTarget "e-storeTests" */ = {
			isa = XCConfigurationList;
			buildConfigurations = (
				C9A2A79629DBADF800988B24 /* Debug */,
				C9A2A79729DBADF800988B24 /* Release */,
			);
			defaultConfigurationIsVisible = 0;
			defaultConfigurationName = Release;
		};
/* End XCConfigurationList section */

/* Begin XCRemoteSwiftPackageReference section */
		4C3557D429DB8E7700703789 /* XCRemoteSwiftPackageReference "Swinject" */ = {
			isa = XCRemoteSwiftPackageReference;
			repositoryURL = "https://github.com/Swinject/Swinject.git";
			requirement = {
				kind = upToNextMinorVersion;
				minimumVersion = 2.8.0;
			};
		};
		5C0EF6EC29E2C631004C92CB /* XCRemoteSwiftPackageReference "IQKeyboardManager" */ = {
			isa = XCRemoteSwiftPackageReference;
			repositoryURL = "https://github.com/hackiftekhar/IQKeyboardManager.git";
			requirement = {
				kind = upToNextMajorVersion;
				minimumVersion = 6.5.0;
			};
		};
		B62D387B29BA690C00179020 /* XCRemoteSwiftPackageReference "firebase-ios-sdk" */ = {
			isa = XCRemoteSwiftPackageReference;
			repositoryURL = "https://github.com/firebase/firebase-ios-sdk";
			requirement = {
				branch = master;
				kind = branch;
			};
		};
/* End XCRemoteSwiftPackageReference section */

/* Begin XCSwiftPackageProductDependency section */
		4C3557D529DB8E7700703789 /* Swinject */ = {
			isa = XCSwiftPackageProductDependency;
			package = 4C3557D429DB8E7700703789 /* XCRemoteSwiftPackageReference "Swinject" */;
			productName = Swinject;
		};
		5C0EF6ED29E2C631004C92CB /* IQKeyboardManagerSwift */ = {
			isa = XCSwiftPackageProductDependency;
			package = 5C0EF6EC29E2C631004C92CB /* XCRemoteSwiftPackageReference "IQKeyboardManager" */;
			productName = IQKeyboardManagerSwift;
		};
		5CA58B7829CCFF5100102C1C /* Domain */ = {
			isa = XCSwiftPackageProductDependency;
			productName = Domain;
		};
		B62D385C29BA614C00179020 /* e-store_foundation */ = {
			isa = XCSwiftPackageProductDependency;
			productName = "e-store_foundation";
		};
		B62D385F29BA61EE00179020 /* network */ = {
			isa = XCSwiftPackageProductDependency;
			productName = network;
		};
		B62D387C29BA690C00179020 /* FirebaseAnalytics */ = {
			isa = XCSwiftPackageProductDependency;
			package = B62D387B29BA690C00179020 /* XCRemoteSwiftPackageReference "firebase-ios-sdk" */;
			productName = FirebaseAnalytics;
		};
		B62D387E29BA690D00179020 /* FirebaseCrashlytics */ = {
			isa = XCSwiftPackageProductDependency;
			package = B62D387B29BA690C00179020 /* XCRemoteSwiftPackageReference "firebase-ios-sdk" */;
			productName = FirebaseCrashlytics;
		};
		C9A2A79929DBAE5000988B24 /* FirebaseAnalytics */ = {
			isa = XCSwiftPackageProductDependency;
			package = B62D387B29BA690C00179020 /* XCRemoteSwiftPackageReference "firebase-ios-sdk" */;
			productName = FirebaseAnalytics;
		};
/* End XCSwiftPackageProductDependency section */
	};
	rootObject = B62D383D29BA608F00179020 /* Project object */;
}
