// !$*UTF8*$!
{
	archiveVersion = 1;
	classes = {
	};
	objectVersion = 56;
	objects = {

/* Begin PBXBuildFile section */
		0A6991244F262651573CADC0 /* libPods-e-store.a in Frameworks */ = {isa = PBXBuildFile; fileRef = B49575E65FE76E7CB37BDD90 /* libPods-e-store.a */; };
		5CA58B7929CCFF5100102C1C /* Domain in Frameworks */ = {isa = PBXBuildFile; productRef = 5CA58B7829CCFF5100102C1C /* Domain */; };
		B62D384929BA608F00179020 /* AppDelegate.swift in Sources */ = {isa = PBXBuildFile; fileRef = B62D384829BA608F00179020 /* AppDelegate.swift */; };
		B62D384B29BA608F00179020 /* SceneDelegate.swift in Sources */ = {isa = PBXBuildFile; fileRef = B62D384A29BA608F00179020 /* SceneDelegate.swift */; };
		B62D384D29BA608F00179020 /* ViewController.swift in Sources */ = {isa = PBXBuildFile; fileRef = B62D384C29BA608F00179020 /* ViewController.swift */; };
		B62D385029BA608F00179020 /* Main.storyboard in Resources */ = {isa = PBXBuildFile; fileRef = B62D384E29BA608F00179020 /* Main.storyboard */; };
		B62D385229BA609100179020 /* Assets.xcassets in Resources */ = {isa = PBXBuildFile; fileRef = B62D385129BA609100179020 /* Assets.xcassets */; };
		B62D385529BA609100179020 /* LaunchScreen.storyboard in Resources */ = {isa = PBXBuildFile; fileRef = B62D385329BA609100179020 /* LaunchScreen.storyboard */; };
		B62D385D29BA614C00179020 /* e-store_foundation in Frameworks */ = {isa = PBXBuildFile; productRef = B62D385C29BA614C00179020 /* e-store_foundation */; };
		B62D386029BA61EE00179020 /* network in Frameworks */ = {isa = PBXBuildFile; productRef = B62D385F29BA61EE00179020 /* network */; };
		B62D387629BA638C00179020 /* Shared_UI.framework in Frameworks */ = {isa = PBXBuildFile; fileRef = B62D387529BA638C00179020 /* Shared_UI.framework */; };
		B62D387729BA638C00179020 /* Shared_UI.framework in Embed Frameworks */ = {isa = PBXBuildFile; fileRef = B62D387529BA638C00179020 /* Shared_UI.framework */; settings = {ATTRIBUTES = (CodeSignOnCopy, RemoveHeadersOnCopy, ); }; };
		B62D387A29BA678300179020 /* GoogleService-Info.plist in Resources */ = {isa = PBXBuildFile; fileRef = B62D387929BA678300179020 /* GoogleService-Info.plist */; };
		B62D387D29BA690C00179020 /* FirebaseAnalytics in Frameworks */ = {isa = PBXBuildFile; productRef = B62D387C29BA690C00179020 /* FirebaseAnalytics */; };
		B62D387F29BA690D00179020 /* FirebaseCrashlytics in Frameworks */ = {isa = PBXBuildFile; productRef = B62D387E29BA690D00179020 /* FirebaseCrashlytics */; };
		C9E9EB0229D8FBB300400853 /* LoginViewModel.swift in Sources */ = {isa = PBXBuildFile; fileRef = C9E9EB0129D8FBB300400853 /* LoginViewModel.swift */; };
		C9E9EB0529D8FBF300400853 /* Validator.swift in Sources */ = {isa = PBXBuildFile; fileRef = C9E9EB0429D8FBF300400853 /* Validator.swift */; };
/* End PBXBuildFile section */

/* Begin PBXCopyFilesBuildPhase section */
		B62D387829BA638C00179020 /* Embed Frameworks */ = {
			isa = PBXCopyFilesBuildPhase;
			buildActionMask = 2147483647;
			dstPath = "";
			dstSubfolderSpec = 10;
			files = (
				B62D387729BA638C00179020 /* Shared_UI.framework in Embed Frameworks */,
			);
			name = "Embed Frameworks";
			runOnlyForDeploymentPostprocessing = 0;
		};
/* End PBXCopyFilesBuildPhase section */

/* Begin PBXFileReference section */
		16FF4A26161027477B9A2A73 /* Pods-e-store.debug.xcconfig */ = {isa = PBXFileReference; includeInIndex = 1; lastKnownFileType = text.xcconfig; name = "Pods-e-store.debug.xcconfig"; path = "Target Support Files/Pods-e-store/Pods-e-store.debug.xcconfig"; sourceTree = "<group>"; };
		45B4BBB262FBD9092798FAFD /* Pods-e-store.release.xcconfig */ = {isa = PBXFileReference; includeInIndex = 1; lastKnownFileType = text.xcconfig; name = "Pods-e-store.release.xcconfig"; path = "Target Support Files/Pods-e-store/Pods-e-store.release.xcconfig"; sourceTree = "<group>"; };
		B49575E65FE76E7CB37BDD90 /* libPods-e-store.a */ = {isa = PBXFileReference; explicitFileType = archive.ar; includeInIndex = 0; path = "libPods-e-store.a"; sourceTree = BUILT_PRODUCTS_DIR; };
		B62D384529BA608F00179020 /* e-store.app */ = {isa = PBXFileReference; explicitFileType = wrapper.application; includeInIndex = 0; path = "e-store.app"; sourceTree = BUILT_PRODUCTS_DIR; };
		B62D384829BA608F00179020 /* AppDelegate.swift */ = {isa = PBXFileReference; lastKnownFileType = sourcecode.swift; path = AppDelegate.swift; sourceTree = "<group>"; };
		B62D384A29BA608F00179020 /* SceneDelegate.swift */ = {isa = PBXFileReference; lastKnownFileType = sourcecode.swift; path = SceneDelegate.swift; sourceTree = "<group>"; };
		B62D384C29BA608F00179020 /* ViewController.swift */ = {isa = PBXFileReference; lastKnownFileType = sourcecode.swift; path = ViewController.swift; sourceTree = "<group>"; };
		B62D384F29BA608F00179020 /* Base */ = {isa = PBXFileReference; lastKnownFileType = file.storyboard; name = Base; path = Base.lproj/Main.storyboard; sourceTree = "<group>"; };
		B62D385129BA609100179020 /* Assets.xcassets */ = {isa = PBXFileReference; lastKnownFileType = folder.assetcatalog; path = Assets.xcassets; sourceTree = "<group>"; };
		B62D385429BA609100179020 /* Base */ = {isa = PBXFileReference; lastKnownFileType = file.storyboard; name = Base; path = Base.lproj/LaunchScreen.storyboard; sourceTree = "<group>"; };
		B62D385629BA609100179020 /* Info.plist */ = {isa = PBXFileReference; lastKnownFileType = text.plist.xml; path = Info.plist; sourceTree = "<group>"; };
		B62D387529BA638C00179020 /* Shared_UI.framework */ = {isa = PBXFileReference; explicitFileType = wrapper.framework; path = Shared_UI.framework; sourceTree = BUILT_PRODUCTS_DIR; };
		B62D387929BA678300179020 /* GoogleService-Info.plist */ = {isa = PBXFileReference; fileEncoding = 4; lastKnownFileType = text.plist.xml; path = "GoogleService-Info.plist"; sourceTree = "<group>"; };
		C9E9EB0129D8FBB300400853 /* LoginViewModel.swift */ = {isa = PBXFileReference; lastKnownFileType = sourcecode.swift; path = LoginViewModel.swift; sourceTree = "<group>"; };
		C9E9EB0429D8FBF300400853 /* Validator.swift */ = {isa = PBXFileReference; lastKnownFileType = sourcecode.swift; path = Validator.swift; sourceTree = "<group>"; };
/* End PBXFileReference section */

/* Begin PBXFrameworksBuildPhase section */
		B62D384229BA608F00179020 /* Frameworks */ = {
			isa = PBXFrameworksBuildPhase;
			buildActionMask = 2147483647;
			files = (
				B62D386029BA61EE00179020 /* network in Frameworks */,
				5CA58B7929CCFF5100102C1C /* Domain in Frameworks */,
				B62D385D29BA614C00179020 /* e-store_foundation in Frameworks */,
				B62D387F29BA690D00179020 /* FirebaseCrashlytics in Frameworks */,
				B62D387D29BA690C00179020 /* FirebaseAnalytics in Frameworks */,
				B62D387629BA638C00179020 /* Shared_UI.framework in Frameworks */,
				0A6991244F262651573CADC0 /* libPods-e-store.a in Frameworks */,
			);
			runOnlyForDeploymentPostprocessing = 0;
		};
/* End PBXFrameworksBuildPhase section */

/* Begin PBXGroup section */
		642276AD4B1ECEC35FF695A4 /* Pods */ = {
			isa = PBXGroup;
			children = (
				16FF4A26161027477B9A2A73 /* Pods-e-store.debug.xcconfig */,
				45B4BBB262FBD9092798FAFD /* Pods-e-store.release.xcconfig */,
			);
			path = Pods;
			sourceTree = "<group>";
		};
		911AE0FD3918430F9EE658DB /* Frameworks */ = {
			isa = PBXGroup;
			children = (
				B62D387529BA638C00179020 /* Shared_UI.framework */,
				B49575E65FE76E7CB37BDD90 /* libPods-e-store.a */,
			);
			name = Frameworks;
			sourceTree = "<group>";
		};
		B62D383C29BA608F00179020 = {
			isa = PBXGroup;
			children = (
				B62D387929BA678300179020 /* GoogleService-Info.plist */,
				B62D384729BA608F00179020 /* e-store */,
				B62D384629BA608F00179020 /* Products */,
				642276AD4B1ECEC35FF695A4 /* Pods */,
				911AE0FD3918430F9EE658DB /* Frameworks */,
			);
			sourceTree = "<group>";
		};
		B62D384629BA608F00179020 /* Products */ = {
			isa = PBXGroup;
			children = (
				B62D384529BA608F00179020 /* e-store.app */,
			);
			name = Products;
			sourceTree = "<group>";
		};
		B62D384729BA608F00179020 /* e-store */ = {
			isa = PBXGroup;
			children = (
				C9E9EB0329D8FBD200400853 /* Utilities */,
				C9E9EAFF29D8FB9900400853 /* ScenesScreen */,
				B62D384829BA608F00179020 /* AppDelegate.swift */,
				B62D384A29BA608F00179020 /* SceneDelegate.swift */,
				B62D384C29BA608F00179020 /* ViewController.swift */,
				B62D384E29BA608F00179020 /* Main.storyboard */,
				B62D385129BA609100179020 /* Assets.xcassets */,
				B62D385329BA609100179020 /* LaunchScreen.storyboard */,
				B62D385629BA609100179020 /* Info.plist */,
			);
			path = "e-store";
			sourceTree = "<group>";
		};
		C9E9EAFF29D8FB9900400853 /* ScenesScreen */ = {
			isa = PBXGroup;
			children = (
				C9E9EB0029D8FBA200400853 /* Login */,
			);
			path = ScenesScreen;
			sourceTree = "<group>";
		};
		C9E9EB0029D8FBA200400853 /* Login */ = {
			isa = PBXGroup;
			children = (
				C9E9EB0129D8FBB300400853 /* LoginViewModel.swift */,
			);
			path = Login;
			sourceTree = "<group>";
		};
		C9E9EB0329D8FBD200400853 /* Utilities */ = {
			isa = PBXGroup;
			children = (
				C9E9EB0429D8FBF300400853 /* Validator.swift */,
			);
			path = Utilities;
			sourceTree = "<group>";
		};
/* End PBXGroup section */

/* Begin PBXNativeTarget section */
		B62D384429BA608F00179020 /* e-store */ = {
			isa = PBXNativeTarget;
			buildConfigurationList = B62D385929BA609100179020 /* Build configuration list for PBXNativeTarget "e-store" */;
			buildPhases = (
				609988579DCC821062C55520 /* [CP] Check Pods Manifest.lock */,
				B62D384129BA608F00179020 /* Sources */,
				B62D384229BA608F00179020 /* Frameworks */,
				B62D384329BA608F00179020 /* Resources */,
				B62D387829BA638C00179020 /* Embed Frameworks */,
				B62D388029BA69C100179020 /* Swiftlint */,
			);
			buildRules = (
			);
			dependencies = (
			);
			name = "e-store";
			packageProductDependencies = (
				B62D385C29BA614C00179020 /* e-store_foundation */,
				B62D385F29BA61EE00179020 /* network */,
				B62D387C29BA690C00179020 /* FirebaseAnalytics */,
				B62D387E29BA690D00179020 /* FirebaseCrashlytics */,
				5CA58B7829CCFF5100102C1C /* Domain */,
			);
			productName = "e-store";
			productReference = B62D384529BA608F00179020 /* e-store.app */;
			productType = "com.apple.product-type.application";
		};
/* End PBXNativeTarget section */

/* Begin PBXProject section */
		B62D383D29BA608F00179020 /* Project object */ = {
			isa = PBXProject;
			attributes = {
				BuildIndependentTargetsInParallel = 1;
				LastSwiftUpdateCheck = 1410;
				LastUpgradeCheck = 1410;
				TargetAttributes = {
					B62D384429BA608F00179020 = {
						CreatedOnToolsVersion = 14.1;
					};
				};
			};
			buildConfigurationList = B62D384029BA608F00179020 /* Build configuration list for PBXProject "e-store" */;
			compatibilityVersion = "Xcode 14.0";
			developmentRegion = en;
			hasScannedForEncodings = 0;
			knownRegions = (
				en,
				Base,
			);
			mainGroup = B62D383C29BA608F00179020;
			packageReferences = (
				B62D387B29BA690C00179020 /* XCRemoteSwiftPackageReference "firebase-ios-sdk" */,
			);
			productRefGroup = B62D384629BA608F00179020 /* Products */;
			projectDirPath = "";
			projectRoot = "";
			targets = (
				B62D384429BA608F00179020 /* e-store */,
			);
		};
/* End PBXProject section */

/* Begin PBXResourcesBuildPhase section */
		B62D384329BA608F00179020 /* Resources */ = {
			isa = PBXResourcesBuildPhase;
			buildActionMask = 2147483647;
			files = (
				B62D385529BA609100179020 /* LaunchScreen.storyboard in Resources */,
				B62D387A29BA678300179020 /* GoogleService-Info.plist in Resources */,
				B62D385229BA609100179020 /* Assets.xcassets in Resources */,
				B62D385029BA608F00179020 /* Main.storyboard in Resources */,
			);
			runOnlyForDeploymentPostprocessing = 0;
		};
/* End PBXResourcesBuildPhase section */

/* Begin PBXShellScriptBuildPhase section */
		609988579DCC821062C55520 /* [CP] Check Pods Manifest.lock */ = {
			isa = PBXShellScriptBuildPhase;
			buildActionMask = 2147483647;
			files = (
			);
			inputFileListPaths = (
			);
			inputPaths = (
				"${PODS_PODFILE_DIR_PATH}/Podfile.lock",
				"${PODS_ROOT}/Manifest.lock",
			);
			name = "[CP] Check Pods Manifest.lock";
			outputFileListPaths = (
			);
			outputPaths = (
				"$(DERIVED_FILE_DIR)/Pods-e-store-checkManifestLockResult.txt",
			);
			runOnlyForDeploymentPostprocessing = 0;
			shellPath = /bin/sh;
			shellScript = "diff \"${PODS_PODFILE_DIR_PATH}/Podfile.lock\" \"${PODS_ROOT}/Manifest.lock\" > /dev/null\nif [ $? != 0 ] ; then\n    # print error to STDERR\n    echo \"error: The sandbox is not in sync with the Podfile.lock. Run 'pod install' or update your CocoaPods installation.\" >&2\n    exit 1\nfi\n# This output is used by Xcode 'outputs' to avoid re-running this script phase.\necho \"SUCCESS\" > \"${SCRIPT_OUTPUT_FILE_0}\"\n";
			showEnvVarsInLog = 0;
		};
		B62D388029BA69C100179020 /* Swiftlint */ = {
			isa = PBXShellScriptBuildPhase;
			buildActionMask = 2147483647;
			files = (
			);
			inputFileListPaths = (
			);
			inputPaths = (
				"${DWARF_DSYM_FOLDER_PATH}/${DWARF_DSYM_FILE_NAME}/Contents/Resources/DWARF/${TARGET_NAME}",
				"$(SRCROOT)/$(BUILT_PRODUCTS_DIR)/$(INFOPLIST_PATH)",
			);
			name = Swiftlint;
			outputFileListPaths = (
			);
			outputPaths = (
			);
			runOnlyForDeploymentPostprocessing = 0;
			shellPath = /bin/sh;
			shellScript = "export PATH=\"$PATH:/opt/homebrew/bin\"\nif which swiftlint > /dev/null; then\n  swiftlint\nelse\n  echo \"warning: SwiftLint not installed, download from https://github.com/realm/SwiftLint\"\nfi\n";
		};
/* End PBXShellScriptBuildPhase section */

/* Begin PBXSourcesBuildPhase section */
		B62D384129BA608F00179020 /* Sources */ = {
			isa = PBXSourcesBuildPhase;
			buildActionMask = 2147483647;
			files = (
				C9E9EB0229D8FBB300400853 /* LoginViewModel.swift in Sources */,
				B62D384D29BA608F00179020 /* ViewController.swift in Sources */,
				C9E9EB0529D8FBF300400853 /* Validator.swift in Sources */,
				B62D384929BA608F00179020 /* AppDelegate.swift in Sources */,
				B62D384B29BA608F00179020 /* SceneDelegate.swift in Sources */,
			);
			runOnlyForDeploymentPostprocessing = 0;
		};
/* End PBXSourcesBuildPhase section */

/* Begin PBXVariantGroup section */
		B62D384E29BA608F00179020 /* Main.storyboard */ = {
			isa = PBXVariantGroup;
			children = (
				B62D384F29BA608F00179020 /* Base */,
			);
			name = Main.storyboard;
			sourceTree = "<group>";
		};
		B62D385329BA609100179020 /* LaunchScreen.storyboard */ = {
			isa = PBXVariantGroup;
			children = (
				B62D385429BA609100179020 /* Base */,
			);
			name = LaunchScreen.storyboard;
			sourceTree = "<group>";
		};
/* End PBXVariantGroup section */

/* Begin XCBuildConfiguration section */
		B62D385729BA609100179020 /* Debug */ = {
			isa = XCBuildConfiguration;
			buildSettings = {
				ALWAYS_SEARCH_USER_PATHS = NO;
				CLANG_ANALYZER_NONNULL = YES;
				CLANG_ANALYZER_NUMBER_OBJECT_CONVERSION = YES_AGGRESSIVE;
				CLANG_CXX_LANGUAGE_STANDARD = "gnu++20";
				CLANG_ENABLE_MODULES = YES;
				CLANG_ENABLE_OBJC_ARC = YES;
				CLANG_ENABLE_OBJC_WEAK = YES;
				CLANG_WARN_BLOCK_CAPTURE_AUTORELEASING = YES;
				CLANG_WARN_BOOL_CONVERSION = YES;
				CLANG_WARN_COMMA = YES;
				CLANG_WARN_CONSTANT_CONVERSION = YES;
				CLANG_WARN_DEPRECATED_OBJC_IMPLEMENTATIONS = YES;
				CLANG_WARN_DIRECT_OBJC_ISA_USAGE = YES_ERROR;
				CLANG_WARN_DOCUMENTATION_COMMENTS = YES;
				CLANG_WARN_EMPTY_BODY = YES;
				CLANG_WARN_ENUM_CONVERSION = YES;
				CLANG_WARN_INFINITE_RECURSION = YES;
				CLANG_WARN_INT_CONVERSION = YES;
				CLANG_WARN_NON_LITERAL_NULL_CONVERSION = YES;
				CLANG_WARN_OBJC_IMPLICIT_RETAIN_SELF = YES;
				CLANG_WARN_OBJC_LITERAL_CONVERSION = YES;
				CLANG_WARN_OBJC_ROOT_CLASS = YES_ERROR;
				CLANG_WARN_QUOTED_INCLUDE_IN_FRAMEWORK_HEADER = YES;
				CLANG_WARN_RANGE_LOOP_ANALYSIS = YES;
				CLANG_WARN_STRICT_PROTOTYPES = YES;
				CLANG_WARN_SUSPICIOUS_MOVE = YES;
				CLANG_WARN_UNGUARDED_AVAILABILITY = YES_AGGRESSIVE;
				CLANG_WARN_UNREACHABLE_CODE = YES;
				CLANG_WARN__DUPLICATE_METHOD_MATCH = YES;
				COPY_PHASE_STRIP = NO;
				DEBUG_INFORMATION_FORMAT = dwarf;
				ENABLE_STRICT_OBJC_MSGSEND = YES;
				ENABLE_TESTABILITY = YES;
				GCC_C_LANGUAGE_STANDARD = gnu11;
				GCC_DYNAMIC_NO_PIC = NO;
				GCC_NO_COMMON_BLOCKS = YES;
				GCC_OPTIMIZATION_LEVEL = 0;
				GCC_PREPROCESSOR_DEFINITIONS = (
					"DEBUG=1",
					"$(inherited)",
				);
				GCC_WARN_64_TO_32_BIT_CONVERSION = YES;
				GCC_WARN_ABOUT_RETURN_TYPE = YES_ERROR;
				GCC_WARN_UNDECLARED_SELECTOR = YES;
				GCC_WARN_UNINITIALIZED_AUTOS = YES_AGGRESSIVE;
				GCC_WARN_UNUSED_FUNCTION = YES;
				GCC_WARN_UNUSED_VARIABLE = YES;
				IPHONEOS_DEPLOYMENT_TARGET = 16.1;
				MTL_ENABLE_DEBUG_INFO = INCLUDE_SOURCE;
				MTL_FAST_MATH = YES;
				ONLY_ACTIVE_ARCH = YES;
				SDKROOT = iphoneos;
				SWIFT_ACTIVE_COMPILATION_CONDITIONS = DEBUG;
				SWIFT_OPTIMIZATION_LEVEL = "-Onone";
			};
			name = Debug;
		};
		B62D385829BA609100179020 /* Release */ = {
			isa = XCBuildConfiguration;
			buildSettings = {
				ALWAYS_SEARCH_USER_PATHS = NO;
				CLANG_ANALYZER_NONNULL = YES;
				CLANG_ANALYZER_NUMBER_OBJECT_CONVERSION = YES_AGGRESSIVE;
				CLANG_CXX_LANGUAGE_STANDARD = "gnu++20";
				CLANG_ENABLE_MODULES = YES;
				CLANG_ENABLE_OBJC_ARC = YES;
				CLANG_ENABLE_OBJC_WEAK = YES;
				CLANG_WARN_BLOCK_CAPTURE_AUTORELEASING = YES;
				CLANG_WARN_BOOL_CONVERSION = YES;
				CLANG_WARN_COMMA = YES;
				CLANG_WARN_CONSTANT_CONVERSION = YES;
				CLANG_WARN_DEPRECATED_OBJC_IMPLEMENTATIONS = YES;
				CLANG_WARN_DIRECT_OBJC_ISA_USAGE = YES_ERROR;
				CLANG_WARN_DOCUMENTATION_COMMENTS = YES;
				CLANG_WARN_EMPTY_BODY = YES;
				CLANG_WARN_ENUM_CONVERSION = YES;
				CLANG_WARN_INFINITE_RECURSION = YES;
				CLANG_WARN_INT_CONVERSION = YES;
				CLANG_WARN_NON_LITERAL_NULL_CONVERSION = YES;
				CLANG_WARN_OBJC_IMPLICIT_RETAIN_SELF = YES;
				CLANG_WARN_OBJC_LITERAL_CONVERSION = YES;
				CLANG_WARN_OBJC_ROOT_CLASS = YES_ERROR;
				CLANG_WARN_QUOTED_INCLUDE_IN_FRAMEWORK_HEADER = YES;
				CLANG_WARN_RANGE_LOOP_ANALYSIS = YES;
				CLANG_WARN_STRICT_PROTOTYPES = YES;
				CLANG_WARN_SUSPICIOUS_MOVE = YES;
				CLANG_WARN_UNGUARDED_AVAILABILITY = YES_AGGRESSIVE;
				CLANG_WARN_UNREACHABLE_CODE = YES;
				CLANG_WARN__DUPLICATE_METHOD_MATCH = YES;
				COPY_PHASE_STRIP = NO;
				DEBUG_INFORMATION_FORMAT = "dwarf-with-dsym";
				ENABLE_NS_ASSERTIONS = NO;
				ENABLE_STRICT_OBJC_MSGSEND = YES;
				GCC_C_LANGUAGE_STANDARD = gnu11;
				GCC_NO_COMMON_BLOCKS = YES;
				GCC_WARN_64_TO_32_BIT_CONVERSION = YES;
				GCC_WARN_ABOUT_RETURN_TYPE = YES_ERROR;
				GCC_WARN_UNDECLARED_SELECTOR = YES;
				GCC_WARN_UNINITIALIZED_AUTOS = YES_AGGRESSIVE;
				GCC_WARN_UNUSED_FUNCTION = YES;
				GCC_WARN_UNUSED_VARIABLE = YES;
				IPHONEOS_DEPLOYMENT_TARGET = 16.1;
				MTL_ENABLE_DEBUG_INFO = NO;
				MTL_FAST_MATH = YES;
				SDKROOT = iphoneos;
				SWIFT_COMPILATION_MODE = wholemodule;
				SWIFT_OPTIMIZATION_LEVEL = "-O";
				VALIDATE_PRODUCT = YES;
			};
			name = Release;
		};
		B62D385A29BA609100179020 /* Debug */ = {
			isa = XCBuildConfiguration;
			baseConfigurationReference = 16FF4A26161027477B9A2A73 /* Pods-e-store.debug.xcconfig */;
			buildSettings = {
				ASSETCATALOG_COMPILER_APPICON_NAME = AppIcon;
				ASSETCATALOG_COMPILER_GLOBAL_ACCENT_COLOR_NAME = AccentColor;
				CODE_SIGN_STYLE = Automatic;
				CURRENT_PROJECT_VERSION = 1;
				DEBUG_INFORMATION_FORMAT = "dwarf-with-dsym";
				DEVELOPMENT_TEAM = RY3FFY2392;
				GENERATE_INFOPLIST_FILE = YES;
				INFOPLIST_FILE = "e-store/Info.plist";
				INFOPLIST_KEY_UIApplicationSupportsIndirectInputEvents = YES;
				INFOPLIST_KEY_UILaunchStoryboardName = LaunchScreen;
				INFOPLIST_KEY_UIMainStoryboardFile = Main;
				INFOPLIST_KEY_UISupportedInterfaceOrientations_iPad = "UIInterfaceOrientationPortrait UIInterfaceOrientationPortraitUpsideDown UIInterfaceOrientationLandscapeLeft UIInterfaceOrientationLandscapeRight";
				INFOPLIST_KEY_UISupportedInterfaceOrientations_iPhone = "UIInterfaceOrientationPortrait UIInterfaceOrientationLandscapeLeft UIInterfaceOrientationLandscapeRight";
				IPHONEOS_DEPLOYMENT_TARGET = 14.0;
				LD_RUNPATH_SEARCH_PATHS = (
					"$(inherited)",
					"@executable_path/Frameworks",
				);
				MARKETING_VERSION = 1.0;
				PRODUCT_BUNDLE_IDENTIFIER = "Bassuni.e-store";
				PRODUCT_NAME = "$(TARGET_NAME)";
				SWIFT_EMIT_LOC_STRINGS = YES;
				SWIFT_VERSION = 5.0;
				TARGETED_DEVICE_FAMILY = "1,2";
			};
			name = Debug;
		};
		B62D385B29BA609100179020 /* Release */ = {
			isa = XCBuildConfiguration;
			baseConfigurationReference = 45B4BBB262FBD9092798FAFD /* Pods-e-store.release.xcconfig */;
			buildSettings = {
				ASSETCATALOG_COMPILER_APPICON_NAME = AppIcon;
				ASSETCATALOG_COMPILER_GLOBAL_ACCENT_COLOR_NAME = AccentColor;
				CODE_SIGN_STYLE = Automatic;
				CURRENT_PROJECT_VERSION = 1;
				DEVELOPMENT_TEAM = RY3FFY2392;
				GENERATE_INFOPLIST_FILE = YES;
				INFOPLIST_FILE = "e-store/Info.plist";
				INFOPLIST_KEY_UIApplicationSupportsIndirectInputEvents = YES;
				INFOPLIST_KEY_UILaunchStoryboardName = LaunchScreen;
				INFOPLIST_KEY_UIMainStoryboardFile = Main;
				INFOPLIST_KEY_UISupportedInterfaceOrientations_iPad = "UIInterfaceOrientationPortrait UIInterfaceOrientationPortraitUpsideDown UIInterfaceOrientationLandscapeLeft UIInterfaceOrientationLandscapeRight";
				INFOPLIST_KEY_UISupportedInterfaceOrientations_iPhone = "UIInterfaceOrientationPortrait UIInterfaceOrientationLandscapeLeft UIInterfaceOrientationLandscapeRight";
				IPHONEOS_DEPLOYMENT_TARGET = 14.0;
				LD_RUNPATH_SEARCH_PATHS = (
					"$(inherited)",
					"@executable_path/Frameworks",
				);
				MARKETING_VERSION = 1.0;
				PRODUCT_BUNDLE_IDENTIFIER = "Bassuni.e-store";
				PRODUCT_NAME = "$(TARGET_NAME)";
				SWIFT_EMIT_LOC_STRINGS = YES;
				SWIFT_VERSION = 5.0;
				TARGETED_DEVICE_FAMILY = "1,2";
			};
			name = Release;
		};
/* End XCBuildConfiguration section */

/* Begin XCConfigurationList section */
		B62D384029BA608F00179020 /* Build configuration list for PBXProject "e-store" */ = {
			isa = XCConfigurationList;
			buildConfigurations = (
				B62D385729BA609100179020 /* Debug */,
				B62D385829BA609100179020 /* Release */,
			);
			defaultConfigurationIsVisible = 0;
			defaultConfigurationName = Release;
		};
		B62D385929BA609100179020 /* Build configuration list for PBXNativeTarget "e-store" */ = {
			isa = XCConfigurationList;
			buildConfigurations = (
				B62D385A29BA609100179020 /* Debug */,
				B62D385B29BA609100179020 /* Release */,
			);
			defaultConfigurationIsVisible = 0;
			defaultConfigurationName = Release;
		};
/* End XCConfigurationList section */

/* Begin XCRemoteSwiftPackageReference section */
		B62D387B29BA690C00179020 /* XCRemoteSwiftPackageReference "firebase-ios-sdk" */ = {
			isa = XCRemoteSwiftPackageReference;
			repositoryURL = "https://github.com/firebase/firebase-ios-sdk";
			requirement = {
				branch = master;
				kind = branch;
			};
		};
/* End XCRemoteSwiftPackageReference section */

/* Begin XCSwiftPackageProductDependency section */
		5CA58B7829CCFF5100102C1C /* Domain */ = {
			isa = XCSwiftPackageProductDependency;
			productName = Domain;
		};
		B62D385C29BA614C00179020 /* e-store_foundation */ = {
			isa = XCSwiftPackageProductDependency;
			productName = "e-store_foundation";
		};
		B62D385F29BA61EE00179020 /* network */ = {
			isa = XCSwiftPackageProductDependency;
			productName = network;
		};
		B62D387C29BA690C00179020 /* FirebaseAnalytics */ = {
			isa = XCSwiftPackageProductDependency;
			package = B62D387B29BA690C00179020 /* XCRemoteSwiftPackageReference "firebase-ios-sdk" */;
			productName = FirebaseAnalytics;
		};
		B62D387E29BA690D00179020 /* FirebaseCrashlytics */ = {
			isa = XCSwiftPackageProductDependency;
			package = B62D387B29BA690C00179020 /* XCRemoteSwiftPackageReference "firebase-ios-sdk" */;
			productName = FirebaseCrashlytics;
		};
/* End XCSwiftPackageProductDependency section */
	};
	rootObject = B62D383D29BA608F00179020 /* Project object */;
}
